<?xml version="1.0" encoding="UTF-8"?>
<Project ToolsVersion="14.0" xmlns="http://schemas.microsoft.com/developer/msbuild/2003">
  <ItemGroup>
    <ClCompile Include="E:\project\opencv.git\modules\core\src\convert.fp16.cpp">
      <Filter>opencv_core\Src</Filter>
    </ClCompile>
  </ItemGroup>
  <ItemGroup>
    <CustomBuild Include="E:\project\opencv.git\modules\world\CMakeLists.txt" />
  </ItemGroup>
  <ItemGroup>
    <Filter Include="opencv_core\Src">
      <UniqueIdentifier>{EC9C1663-CF03-3C8C-83CF-1D8ECF1FF084}</UniqueIdentifier>
    </Filter>
    <Filter Include="opencv_core">
      <UniqueIdentifier>{478401FC-4C5E-33F8-9E83-4DCA936C1ECC}</UniqueIdentifier>
    </Filter>
  </ItemGroup>
</Project>
