Microsoft Visual Studio Solution File, Format Version 12.00
# Visual Studio 14
Project("{2150E333-8FDC-42A3-9474-1A3956D46DE8}") = "3rdparty", "3rdparty", "{0103DD95-6243-3050-98EE-58C1B1E8F717}"
EndProject
Project("{2150E333-8FDC-42A3-9474-1A3956D46DE8}") = "CMakeTargets", "CMakeTargets", "{DDCF8B3A-0145-3B9F-ACFA-009D4C620E76}"
EndProject
Project("{2150E333-8FDC-42A3-9474-1A3956D46DE8}") = "dispatched", "dispatched", "{10D5B8FA-3D16-3A1F-BE3E-7709E028A017}"
EndProject
Project("{2150E333-8FDC-42A3-9474-1A3956D46DE8}") = "modules", "modules", "{B3A804F9-FBC5-3205-B8CC-A48D74E1B316}"
EndProject
Project("{2150E333-8FDC-42A3-9474-1A3956D46DE8}") = "tests accuracy", "tests accuracy", "{BA23E2FB-09ED-3F3B-B6D1-0A2FF623860E}"
EndProject
Project("{2150E333-8FDC-42A3-9474-1A3956D46DE8}") = "tests performance", "tests performance", "{1EF5B23E-A703-3675-9F1E-84D3B656B9F4}"
EndProject
Project("{8BC9CEB8-8B4A-11D0-8D11-00A0C91BC942}") = "ALL_BUILD", "ALL_BUILD.vcxproj", "{95EF3B04-0BB5-339F-87F4-C7EE230FBCDD}"
	ProjectSection(ProjectDependencies) = postProject
		{B931BE45-D37C-3530-8F99-8400CC6E45F7} = {B931BE45-D37C-3530-8F99-8400CC6E45F7}
		{415C1D5D-BAD3-33A4-B218-6DD7EC9775C0} = {415C1D5D-BAD3-33A4-B218-6DD7EC9775C0}
		{E0847B38-1131-39C9-B964-2EDDD436719E} = {E0847B38-1131-39C9-B964-2EDDD436719E}
		{07BF3D15-57F1-3569-8622-45BA91DE8123} = {07BF3D15-57F1-3569-8622-45BA91DE8123}
		{148B0FCB-88A2-3982-BE87-6C370E2467DE} = {148B0FCB-88A2-3982-BE87-6C370E2467DE}
		{0DB3CABE-C177-30AA-8489-263E984AA04C} = {0DB3CABE-C177-30AA-8489-263E984AA04C}
		{49A9B532-59DB-3AFB-9168-06A4D194389B} = {49A9B532-59DB-3AFB-9168-06A4D194389B}
		{1AB93597-B268-3E9B-B3D1-A793DFB15B7C} = {1AB93597-B268-3E9B-B3D1-A793DFB15B7C}
		{D5B34A1B-6117-3CA2-8B2A-5F1F3A9D8409} = {D5B34A1B-6117-3CA2-8B2A-5F1F3A9D8409}
		{3838FA38-416B-33CF-972C-B98054F67336} = {3838FA38-416B-33CF-972C-B98054F67336}
		{426B8A1B-1F26-369D-8B4F-DB53FA756B6F} = {426B8A1B-1F26-369D-8B4F-DB53FA756B6F}
		{6F75A5D4-6DDD-316A-8F21-61D78A2D96B7} = {6F75A5D4-6DDD-316A-8F21-61D78A2D96B7}
		{29E15EA4-4903-3412-ABCE-E3A701C5BEBF} = {29E15EA4-4903-3412-ABCE-E3A701C5BEBF}
		{86DC3DC1-5D43-3C8C-9E43-F0934C09995C} = {86DC3DC1-5D43-3C8C-9E43-F0934C09995C}
		{76EAD6C0-EB17-3760-8731-3530A7FFC887} = {76EAD6C0-EB17-3760-8731-3530A7FFC887}
		{CE2D2B98-934B-375B-9D95-A7419934CE7B} = {CE2D2B98-934B-375B-9D95-A7419934CE7B}
		{D819C2FF-31EF-3D8F-85E5-5CBC2DE81B85} = {D819C2FF-31EF-3D8F-85E5-5CBC2DE81B85}
		{4CC2E523-A6E3-3E76-BF5E-3A356020028B} = {4CC2E523-A6E3-3E76-BF5E-3A356020028B}
		{14C44FCD-E9BB-3A28-A2CD-6914B00A2A1E} = {14C44FCD-E9BB-3A28-A2CD-6914B00A2A1E}
		{6C34A670-9064-326D-935D-E4187921F603} = {6C34A670-9064-326D-935D-E4187921F603}
		{53E4E1C1-A869-3B9F-B9F0-12616E5383CD} = {53E4E1C1-A869-3B9F-B9F0-12616E5383CD}
		{CEE0E403-326D-30B6-9E63-F0F39A97F865} = {CEE0E403-326D-30B6-9E63-F0F39A97F865}
		{F2428716-F3C2-3843-A484-A5A16389219C} = {F2428716-F3C2-3843-A484-A5A16389219C}
		{26DC6CF4-CFAD-39A7-BED0-67DD42EA548B} = {26DC6CF4-CFAD-39A7-BED0-67DD42EA548B}
		{2DAFBFDD-1419-36C3-8DC2-98BAD16AE2E2} = {2DAFBFDD-1419-36C3-8DC2-98BAD16AE2E2}
		{6C82FF10-A87D-365C-B8CF-AB14DE6A09C2} = {6C82FF10-A87D-365C-B8CF-AB14DE6A09C2}
		{79454261-DFFF-32CE-A7F8-B7DBE084136D} = {79454261-DFFF-32CE-A7F8-B7DBE084136D}
		{D99CFB87-3FF6-3F9B-B2FB-D70EC0855695} = {D99CFB87-3FF6-3F9B-B2FB-D70EC0855695}
		{09B017B9-0A7E-3762-ABA7-80F0FC5703D2} = {09B017B9-0A7E-3762-ABA7-80F0FC5703D2}
		{2079C875-EB99-366A-952A-07E00CE6C0E1} = {2079C875-EB99-366A-952A-07E00CE6C0E1}
		{A532A956-A309-3604-9A34-202A16D07561} = {A532A956-A309-3604-9A34-202A16D07561}
		{25A49DF7-CF88-36E0-925D-DDDEF8FFC76D} = {25A49DF7-CF88-36E0-925D-DDDEF8FFC76D}
		{1278C027-FC61-3E94-B75F-EE7042D093F8} = {1278C027-FC61-3E94-B75F-EE7042D093F8}
		{1FB09CD2-0F33-3ED9-8F39-AC10DC15B052} = {1FB09CD2-0F33-3ED9-8F39-AC10DC15B052}
		{B67ABBD6-31E8-365F-8D43-9F37494EB0D0} = {B67ABBD6-31E8-365F-8D43-9F37494EB0D0}
		{5DC23801-AC6D-3B07-A8FC-D84ABDB3FA52} = {5DC23801-AC6D-3B07-A8FC-D84ABDB3FA52}
		{107AF265-3CFE-3FC5-8DDF-7FFB9645C835} = {107AF265-3CFE-3FC5-8DDF-7FFB9645C835}
	EndProjectSection
EndProject
Project("{8BC9CEB8-8B4A-11D0-8D11-00A0C91BC942}") = "INSTALL", "INSTALL.vcxproj", "{FD94375D-5F0C-37AA-B40F-A1A5906888A0}"
	ProjectSection(ProjectDependencies) = postProject
		{95EF3B04-0BB5-339F-87F4-C7EE230FBCDD} = {95EF3B04-0BB5-339F-87F4-C7EE230FBCDD}
		{B931BE45-D37C-3530-8F99-8400CC6E45F7} = {B931BE45-D37C-3530-8F99-8400CC6E45F7}
	EndProjectSection
EndProject
Project("{8BC9CEB8-8B4A-11D0-8D11-00A0C91BC942}") = "IlmImf", "..\..\3rdparty\openexr\IlmImf.vcxproj", "{02BCF258-E027-3320-8653-CFABE276FF0D}"
	ProjectSection(ProjectDependencies) = postProject
		{B931BE45-D37C-3530-8F99-8400CC6E45F7} = {B931BE45-D37C-3530-8F99-8400CC6E45F7}
		{5AEFBBC9-D564-32FB-8005-3899F4202677} = {5AEFBBC9-D564-32FB-8005-3899F4202677}
	EndProjectSection
EndProject
Project("{8BC9CEB8-8B4A-11D0-8D11-00A0C91BC942}") = "PACKAGE", "PACKAGE.vcxproj", "{70411D32-1C62-3657-93BE-A20DFFBAA026}"
	ProjectSection(ProjectDependencies) = postProject
		{95EF3B04-0BB5-339F-87F4-C7EE230FBCDD} = {95EF3B04-0BB5-339F-87F4-C7EE230FBCDD}
		{B931BE45-D37C-3530-8F99-8400CC6E45F7} = {B931BE45-D37C-3530-8F99-8400CC6E45F7}
	EndProjectSection
EndProject
Project("{8BC9CEB8-8B4A-11D0-8D11-00A0C91BC942}") = "RUN_TESTS", "RUN_TESTS.vcxproj", "{3E356655-BD86-33A3-8981-F6B141ACBC9C}"
	ProjectSection(ProjectDependencies) = postProject
		{B931BE45-D37C-3530-8F99-8400CC6E45F7} = {B931BE45-D37C-3530-8F99-8400CC6E45F7}
	EndProjectSection
EndProject
Project("{8BC9CEB8-8B4A-11D0-8D11-00A0C91BC942}") = "ZERO_CHECK", "..\..\\ZERO_CHECK.vcxproj", "{B931BE45-D37C-3530-8F99-8400CC6E45F7}"
	ProjectSection(ProjectDependencies) = postProject
	EndProjectSection
EndProject
Project("{8BC9CEB8-8B4A-11D0-8D11-00A0C91BC942}") = "ippiw", "..\..\3rdparty\ippiw\ippiw.vcxproj", "{183A9578-E79F-321F-8295-DF9363C61D3D}"
	ProjectSection(ProjectDependencies) = postProject
		{B931BE45-D37C-3530-8F99-8400CC6E45F7} = {B931BE45-D37C-3530-8F99-8400CC6E45F7}
	EndProjectSection
EndProject
Project("{8BC9CEB8-8B4A-11D0-8D11-00A0C91BC942}") = "ittnotify", "..\..\3rdparty\ittnotify\ittnotify.vcxproj", "{3D5D2E0A-D22E-37F6-94E6-3B5C130FA67C}"
	ProjectSection(ProjectDependencies) = postProject
		{B931BE45-D37C-3530-8F99-8400CC6E45F7} = {B931BE45-D37C-3530-8F99-8400CC6E45F7}
	EndProjectSection
EndProject
Project("{8BC9CEB8-8B4A-11D0-8D11-00A0C91BC942}") = "libjasper", "..\..\3rdparty\libjasper\libjasper.vcxproj", "{FD94F9FE-D90B-31D7-B200-71ECFBA0EB2E}"
	ProjectSection(ProjectDependencies) = postProject
		{B931BE45-D37C-3530-8F99-8400CC6E45F7} = {B931BE45-D37C-3530-8F99-8400CC6E45F7}
	EndProjectSection
EndProject
Project("{8BC9CEB8-8B4A-11D0-8D11-00A0C91BC942}") = "libjpeg", "..\..\3rdparty\libjpeg\libjpeg.vcxproj", "{F78CE7FE-51D3-3C6C-BC52-5AA737DEA00F}"
	ProjectSection(ProjectDependencies) = postProject
		{B931BE45-D37C-3530-8F99-8400CC6E45F7} = {B931BE45-D37C-3530-8F99-8400CC6E45F7}
	EndProjectSection
EndProject
Project("{8BC9CEB8-8B4A-11D0-8D11-00A0C91BC942}") = "libpng", "..\..\3rdparty\libpng\libpng.vcxproj", "{1520D62E-06E6-37DC-B269-9D96C6289B46}"
	ProjectSection(ProjectDependencies) = postProject
		{B931BE45-D37C-3530-8F99-8400CC6E45F7} = {B931BE45-D37C-3530-8F99-8400CC6E45F7}
		{5AEFBBC9-D564-32FB-8005-3899F4202677} = {5AEFBBC9-D564-32FB-8005-3899F4202677}
	EndProjectSection
EndProject
Project("{8BC9CEB8-8B4A-11D0-8D11-00A0C91BC942}") = "libprotobuf", "..\..\3rdparty\protobuf\libprotobuf.vcxproj", "{1684BABC-945D-37E4-8300-24ECBDDC9A65}"
	ProjectSection(ProjectDependencies) = postProject
		{B931BE45-D37C-3530-8F99-8400CC6E45F7} = {B931BE45-D37C-3530-8F99-8400CC6E45F7}
	EndProjectSection
EndProject
Project("{8BC9CEB8-8B4A-11D0-8D11-00A0C91BC942}") = "libtiff", "..\..\3rdparty\libtiff\libtiff.vcxproj", "{F99E9C3D-B295-3DD8-9E5D-0BFC537759B9}"
	ProjectSection(ProjectDependencies) = postProject
		{B931BE45-D37C-3530-8F99-8400CC6E45F7} = {B931BE45-D37C-3530-8F99-8400CC6E45F7}
		{5AEFBBC9-D564-32FB-8005-3899F4202677} = {5AEFBBC9-D564-32FB-8005-3899F4202677}
	EndProjectSection
EndProject
Project("{8BC9CEB8-8B4A-11D0-8D11-00A0C91BC942}") = "libwebp", "..\..\3rdparty\libwebp\libwebp.vcxproj", "{1079F874-3491-304A-BD75-23C0E7FBE1F4}"
	ProjectSection(ProjectDependencies) = postProject
		{B931BE45-D37C-3530-8F99-8400CC6E45F7} = {B931BE45-D37C-3530-8F99-8400CC6E45F7}
	EndProjectSection
EndProject
Project("{8BC9CEB8-8B4A-11D0-8D11-00A0C91BC942}") = "opencv_perf_calib3d", "opencv_perf_calib3d.vcxproj", "{415C1D5D-BAD3-33A4-B218-6DD7EC9775C0}"
	ProjectSection(ProjectDependencies) = postProject
		{B931BE45-D37C-3530-8F99-8400CC6E45F7} = {B931BE45-D37C-3530-8F99-8400CC6E45F7}
		{183A9578-E79F-321F-8295-DF9363C61D3D} = {183A9578-E79F-321F-8295-DF9363C61D3D}
		{0F4258A7-D311-30B1-B625-745514D0248A} = {0F4258A7-D311-30B1-B625-745514D0248A}
		{25A49DF7-CF88-36E0-925D-DDDEF8FFC76D} = {25A49DF7-CF88-36E0-925D-DDDEF8FFC76D}
	EndProjectSection
EndProject
Project("{8BC9CEB8-8B4A-11D0-8D11-00A0C91BC942}") = "opencv_perf_core", "opencv_perf_core.vcxproj", "{E0847B38-1131-39C9-B964-2EDDD436719E}"
	ProjectSection(ProjectDependencies) = postProject
		{B931BE45-D37C-3530-8F99-8400CC6E45F7} = {B931BE45-D37C-3530-8F99-8400CC6E45F7}
		{183A9578-E79F-321F-8295-DF9363C61D3D} = {183A9578-E79F-321F-8295-DF9363C61D3D}
		{0F4258A7-D311-30B1-B625-745514D0248A} = {0F4258A7-D311-30B1-B625-745514D0248A}
		{25A49DF7-CF88-36E0-925D-DDDEF8FFC76D} = {25A49DF7-CF88-36E0-925D-DDDEF8FFC76D}
	EndProjectSection
EndProject
Project("{8BC9CEB8-8B4A-11D0-8D11-00A0C91BC942}") = "opencv_perf_dnn", "opencv_perf_dnn.vcxproj", "{07BF3D15-57F1-3569-8622-45BA91DE8123}"
	ProjectSection(ProjectDependencies) = postProject
		{B931BE45-D37C-3530-8F99-8400CC6E45F7} = {B931BE45-D37C-3530-8F99-8400CC6E45F7}
		{183A9578-E79F-321F-8295-DF9363C61D3D} = {183A9578-E79F-321F-8295-DF9363C61D3D}
		{0F4258A7-D311-30B1-B625-745514D0248A} = {0F4258A7-D311-30B1-B625-745514D0248A}
		{25A49DF7-CF88-36E0-925D-DDDEF8FFC76D} = {25A49DF7-CF88-36E0-925D-DDDEF8FFC76D}
	EndProjectSection
EndProject
Project("{8BC9CEB8-8B4A-11D0-8D11-00A0C91BC942}") = "opencv_perf_features2d", "opencv_perf_features2d.vcxproj", "{148B0FCB-88A2-3982-BE87-6C370E2467DE}"
	ProjectSection(ProjectDependencies) = postProject
		{B931BE45-D37C-3530-8F99-8400CC6E45F7} = {B931BE45-D37C-3530-8F99-8400CC6E45F7}
		{183A9578-E79F-321F-8295-DF9363C61D3D} = {183A9578-E79F-321F-8295-DF9363C61D3D}
		{0F4258A7-D311-30B1-B625-745514D0248A} = {0F4258A7-D311-30B1-B625-745514D0248A}
		{25A49DF7-CF88-36E0-925D-DDDEF8FFC76D} = {25A49DF7-CF88-36E0-925D-DDDEF8FFC76D}
	EndProjectSection
EndProject
Project("{8BC9CEB8-8B4A-11D0-8D11-00A0C91BC942}") = "opencv_perf_imgcodecs", "opencv_perf_imgcodecs.vcxproj", "{0DB3CABE-C177-30AA-8489-263E984AA04C}"
	ProjectSection(ProjectDependencies) = postProject
		{B931BE45-D37C-3530-8F99-8400CC6E45F7} = {B931BE45-D37C-3530-8F99-8400CC6E45F7}
		{183A9578-E79F-321F-8295-DF9363C61D3D} = {183A9578-E79F-321F-8295-DF9363C61D3D}
		{0F4258A7-D311-30B1-B625-745514D0248A} = {0F4258A7-D311-30B1-B625-745514D0248A}
		{25A49DF7-CF88-36E0-925D-DDDEF8FFC76D} = {25A49DF7-CF88-36E0-925D-DDDEF8FFC76D}
	EndProjectSection
EndProject
Project("{8BC9CEB8-8B4A-11D0-8D11-00A0C91BC942}") = "opencv_perf_imgproc", "opencv_perf_imgproc.vcxproj", "{49A9B532-59DB-3AFB-9168-06A4D194389B}"
	ProjectSection(ProjectDependencies) = postProject
		{B931BE45-D37C-3530-8F99-8400CC6E45F7} = {B931BE45-D37C-3530-8F99-8400CC6E45F7}
		{183A9578-E79F-321F-8295-DF9363C61D3D} = {183A9578-E79F-321F-8295-DF9363C61D3D}
		{0F4258A7-D311-30B1-B625-745514D0248A} = {0F4258A7-D311-30B1-B625-745514D0248A}
		{25A49DF7-CF88-36E0-925D-DDDEF8FFC76D} = {25A49DF7-CF88-36E0-925D-DDDEF8FFC76D}
	EndProjectSection
EndProject
Project("{8BC9CEB8-8B4A-11D0-8D11-00A0C91BC942}") = "opencv_perf_objdetect", "opencv_perf_objdetect.vcxproj", "{1AB93597-B268-3E9B-B3D1-A793DFB15B7C}"
	ProjectSection(ProjectDependencies) = postProject
		{B931BE45-D37C-3530-8F99-8400CC6E45F7} = {B931BE45-D37C-3530-8F99-8400CC6E45F7}
		{183A9578-E79F-321F-8295-DF9363C61D3D} = {183A9578-E79F-321F-8295-DF9363C61D3D}
		{0F4258A7-D311-30B1-B625-745514D0248A} = {0F4258A7-D311-30B1-B625-745514D0248A}
		{25A49DF7-CF88-36E0-925D-DDDEF8FFC76D} = {25A49DF7-CF88-36E0-925D-DDDEF8FFC76D}
	EndProjectSection
EndProject
Project("{8BC9CEB8-8B4A-11D0-8D11-00A0C91BC942}") = "opencv_perf_photo", "opencv_perf_photo.vcxproj", "{D5B34A1B-6117-3CA2-8B2A-5F1F3A9D8409}"
	ProjectSection(ProjectDependencies) = postProject
		{B931BE45-D37C-3530-8F99-8400CC6E45F7} = {B931BE45-D37C-3530-8F99-8400CC6E45F7}
		{183A9578-E79F-321F-8295-DF9363C61D3D} = {183A9578-E79F-321F-8295-DF9363C61D3D}
		{0F4258A7-D311-30B1-B625-745514D0248A} = {0F4258A7-D311-30B1-B625-745514D0248A}
		{25A49DF7-CF88-36E0-925D-DDDEF8FFC76D} = {25A49DF7-CF88-36E0-925D-DDDEF8FFC76D}
	EndProjectSection
EndProject
Project("{8BC9CEB8-8B4A-11D0-8D11-00A0C91BC942}") = "opencv_perf_stitching", "opencv_perf_stitching.vcxproj", "{3838FA38-416B-33CF-972C-B98054F67336}"
	ProjectSection(ProjectDependencies) = postProject
		{B931BE45-D37C-3530-8F99-8400CC6E45F7} = {B931BE45-D37C-3530-8F99-8400CC6E45F7}
		{183A9578-E79F-321F-8295-DF9363C61D3D} = {183A9578-E79F-321F-8295-DF9363C61D3D}
		{0F4258A7-D311-30B1-B625-745514D0248A} = {0F4258A7-D311-30B1-B625-745514D0248A}
		{25A49DF7-CF88-36E0-925D-DDDEF8FFC76D} = {25A49DF7-CF88-36E0-925D-DDDEF8FFC76D}
	EndProjectSection
EndProject
Project("{8BC9CEB8-8B4A-11D0-8D11-00A0C91BC942}") = "opencv_perf_superres", "opencv_perf_superres.vcxproj", "{426B8A1B-1F26-369D-8B4F-DB53FA756B6F}"
	ProjectSection(ProjectDependencies) = postProject
		{B931BE45-D37C-3530-8F99-8400CC6E45F7} = {B931BE45-D37C-3530-8F99-8400CC6E45F7}
		{183A9578-E79F-321F-8295-DF9363C61D3D} = {183A9578-E79F-321F-8295-DF9363C61D3D}
		{0F4258A7-D311-30B1-B625-745514D0248A} = {0F4258A7-D311-30B1-B625-745514D0248A}
		{25A49DF7-CF88-36E0-925D-DDDEF8FFC76D} = {25A49DF7-CF88-36E0-925D-DDDEF8FFC76D}
	EndProjectSection
EndProject
Project("{8BC9CEB8-8B4A-11D0-8D11-00A0C91BC942}") = "opencv_perf_video", "opencv_perf_video.vcxproj", "{6F75A5D4-6DDD-316A-8F21-61D78A2D96B7}"
	ProjectSection(ProjectDependencies) = postProject
		{B931BE45-D37C-3530-8F99-8400CC6E45F7} = {B931BE45-D37C-3530-8F99-8400CC6E45F7}
		{183A9578-E79F-321F-8295-DF9363C61D3D} = {183A9578-E79F-321F-8295-DF9363C61D3D}
		{0F4258A7-D311-30B1-B625-745514D0248A} = {0F4258A7-D311-30B1-B625-745514D0248A}
		{25A49DF7-CF88-36E0-925D-DDDEF8FFC76D} = {25A49DF7-CF88-36E0-925D-DDDEF8FFC76D}
	EndProjectSection
EndProject
Project("{8BC9CEB8-8B4A-11D0-8D11-00A0C91BC942}") = "opencv_perf_videoio", "opencv_perf_videoio.vcxproj", "{29E15EA4-4903-3412-ABCE-E3A701C5BEBF}"
	ProjectSection(ProjectDependencies) = postProject
		{B931BE45-D37C-3530-8F99-8400CC6E45F7} = {B931BE45-D37C-3530-8F99-8400CC6E45F7}
		{183A9578-E79F-321F-8295-DF9363C61D3D} = {183A9578-E79F-321F-8295-DF9363C61D3D}
		{0F4258A7-D311-30B1-B625-745514D0248A} = {0F4258A7-D311-30B1-B625-745514D0248A}
		{25A49DF7-CF88-36E0-925D-DDDEF8FFC76D} = {25A49DF7-CF88-36E0-925D-DDDEF8FFC76D}
	EndProjectSection
EndProject
Project("{8BC9CEB8-8B4A-11D0-8D11-00A0C91BC942}") = "opencv_test_calib3d", "opencv_test_calib3d.vcxproj", "{86DC3DC1-5D43-3C8C-9E43-F0934C09995C}"
	ProjectSection(ProjectDependencies) = postProject
		{B931BE45-D37C-3530-8F99-8400CC6E45F7} = {B931BE45-D37C-3530-8F99-8400CC6E45F7}
		{183A9578-E79F-321F-8295-DF9363C61D3D} = {183A9578-E79F-321F-8295-DF9363C61D3D}
		{0F4258A7-D311-30B1-B625-745514D0248A} = {0F4258A7-D311-30B1-B625-745514D0248A}
		{25A49DF7-CF88-36E0-925D-DDDEF8FFC76D} = {25A49DF7-CF88-36E0-925D-DDDEF8FFC76D}
	EndProjectSection
EndProject
Project("{8BC9CEB8-8B4A-11D0-8D11-00A0C91BC942}") = "opencv_test_core", "opencv_test_core.vcxproj", "{76EAD6C0-EB17-3760-8731-3530A7FFC887}"
	ProjectSection(ProjectDependencies) = postProject
		{B931BE45-D37C-3530-8F99-8400CC6E45F7} = {B931BE45-D37C-3530-8F99-8400CC6E45F7}
		{183A9578-E79F-321F-8295-DF9363C61D3D} = {183A9578-E79F-321F-8295-DF9363C61D3D}
		{CE2D2B98-934B-375B-9D95-A7419934CE7B} = {CE2D2B98-934B-375B-9D95-A7419934CE7B}
		{0F4258A7-D311-30B1-B625-745514D0248A} = {0F4258A7-D311-30B1-B625-745514D0248A}
		{25A49DF7-CF88-36E0-925D-DDDEF8FFC76D} = {25A49DF7-CF88-36E0-925D-DDDEF8FFC76D}
	EndProjectSection
EndProject
Project("{8BC9CEB8-8B4A-11D0-8D11-00A0C91BC942}") = "opencv_test_core_FP16", "opencv_test_core_FP16.vcxproj", "{CE2D2B98-934B-375B-9D95-A7419934CE7B}"
	ProjectSection(ProjectDependencies) = postProject
		{B931BE45-D37C-3530-8F99-8400CC6E45F7} = {B931BE45-D37C-3530-8F99-8400CC6E45F7}
	EndProjectSection
EndProject
Project("{8BC9CEB8-8B4A-11D0-8D11-00A0C91BC942}") = "opencv_test_dnn", "opencv_test_dnn.vcxproj", "{D819C2FF-31EF-3D8F-85E5-5CBC2DE81B85}"
	ProjectSection(ProjectDependencies) = postProject
		{B931BE45-D37C-3530-8F99-8400CC6E45F7} = {B931BE45-D37C-3530-8F99-8400CC6E45F7}
		{183A9578-E79F-321F-8295-DF9363C61D3D} = {183A9578-E79F-321F-8295-DF9363C61D3D}
		{0F4258A7-D311-30B1-B625-745514D0248A} = {0F4258A7-D311-30B1-B625-745514D0248A}
		{25A49DF7-CF88-36E0-925D-DDDEF8FFC76D} = {25A49DF7-CF88-36E0-925D-DDDEF8FFC76D}
	EndProjectSection
EndProject
Project("{8BC9CEB8-8B4A-11D0-8D11-00A0C91BC942}") = "opencv_test_features2d", "opencv_test_features2d.vcxproj", "{4CC2E523-A6E3-3E76-BF5E-3A356020028B}"
	ProjectSection(ProjectDependencies) = postProject
		{B931BE45-D37C-3530-8F99-8400CC6E45F7} = {B931BE45-D37C-3530-8F99-8400CC6E45F7}
		{183A9578-E79F-321F-8295-DF9363C61D3D} = {183A9578-E79F-321F-8295-DF9363C61D3D}
		{0F4258A7-D311-30B1-B625-745514D0248A} = {0F4258A7-D311-30B1-B625-745514D0248A}
		{25A49DF7-CF88-36E0-925D-DDDEF8FFC76D} = {25A49DF7-CF88-36E0-925D-DDDEF8FFC76D}
	EndProjectSection
EndProject
Project("{8BC9CEB8-8B4A-11D0-8D11-00A0C91BC942}") = "opencv_test_flann", "opencv_test_flann.vcxproj", "{14C44FCD-E9BB-3A28-A2CD-6914B00A2A1E}"
	ProjectSection(ProjectDependencies) = postProject
		{B931BE45-D37C-3530-8F99-8400CC6E45F7} = {B931BE45-D37C-3530-8F99-8400CC6E45F7}
		{183A9578-E79F-321F-8295-DF9363C61D3D} = {183A9578-E79F-321F-8295-DF9363C61D3D}
		{0F4258A7-D311-30B1-B625-745514D0248A} = {0F4258A7-D311-30B1-B625-745514D0248A}
		{25A49DF7-CF88-36E0-925D-DDDEF8FFC76D} = {25A49DF7-CF88-36E0-925D-DDDEF8FFC76D}
	EndProjectSection
EndProject
Project("{8BC9CEB8-8B4A-11D0-8D11-00A0C91BC942}") = "opencv_test_highgui", "opencv_test_highgui.vcxproj", "{6C34A670-9064-326D-935D-E4187921F603}"
	ProjectSection(ProjectDependencies) = postProject
		{B931BE45-D37C-3530-8F99-8400CC6E45F7} = {B931BE45-D37C-3530-8F99-8400CC6E45F7}
		{183A9578-E79F-321F-8295-DF9363C61D3D} = {183A9578-E79F-321F-8295-DF9363C61D3D}
		{0F4258A7-D311-30B1-B625-745514D0248A} = {0F4258A7-D311-30B1-B625-745514D0248A}
		{25A49DF7-CF88-36E0-925D-DDDEF8FFC76D} = {25A49DF7-CF88-36E0-925D-DDDEF8FFC76D}
	EndProjectSection
EndProject
Project("{8BC9CEB8-8B4A-11D0-8D11-00A0C91BC942}") = "opencv_test_imgcodecs", "opencv_test_imgcodecs.vcxproj", "{53E4E1C1-A869-3B9F-B9F0-12616E5383CD}"
	ProjectSection(ProjectDependencies) = postProject
		{B931BE45-D37C-3530-8F99-8400CC6E45F7} = {B931BE45-D37C-3530-8F99-8400CC6E45F7}
		{183A9578-E79F-321F-8295-DF9363C61D3D} = {183A9578-E79F-321F-8295-DF9363C61D3D}
		{0F4258A7-D311-30B1-B625-745514D0248A} = {0F4258A7-D311-30B1-B625-745514D0248A}
		{25A49DF7-CF88-36E0-925D-DDDEF8FFC76D} = {25A49DF7-CF88-36E0-925D-DDDEF8FFC76D}
	EndProjectSection
EndProject
Project("{8BC9CEB8-8B4A-11D0-8D11-00A0C91BC942}") = "opencv_test_imgproc", "opencv_test_imgproc.vcxproj", "{CEE0E403-326D-30B6-9E63-F0F39A97F865}"
	ProjectSection(ProjectDependencies) = postProject
		{B931BE45-D37C-3530-8F99-8400CC6E45F7} = {B931BE45-D37C-3530-8F99-8400CC6E45F7}
		{183A9578-E79F-321F-8295-DF9363C61D3D} = {183A9578-E79F-321F-8295-DF9363C61D3D}
		{0F4258A7-D311-30B1-B625-745514D0248A} = {0F4258A7-D311-30B1-B625-745514D0248A}
		{25A49DF7-CF88-36E0-925D-DDDEF8FFC76D} = {25A49DF7-CF88-36E0-925D-DDDEF8FFC76D}
	EndProjectSection
EndProject
Project("{8BC9CEB8-8B4A-11D0-8D11-00A0C91BC942}") = "opencv_test_ml", "opencv_test_ml.vcxproj", "{F2428716-F3C2-3843-A484-A5A16389219C}"
	ProjectSection(ProjectDependencies) = postProject
		{B931BE45-D37C-3530-8F99-8400CC6E45F7} = {B931BE45-D37C-3530-8F99-8400CC6E45F7}
		{183A9578-E79F-321F-8295-DF9363C61D3D} = {183A9578-E79F-321F-8295-DF9363C61D3D}
		{0F4258A7-D311-30B1-B625-745514D0248A} = {0F4258A7-D311-30B1-B625-745514D0248A}
		{25A49DF7-CF88-36E0-925D-DDDEF8FFC76D} = {25A49DF7-CF88-36E0-925D-DDDEF8FFC76D}
	EndProjectSection
EndProject
Project("{8BC9CEB8-8B4A-11D0-8D11-00A0C91BC942}") = "opencv_test_objdetect", "opencv_test_objdetect.vcxproj", "{26DC6CF4-CFAD-39A7-BED0-67DD42EA548B}"
	ProjectSection(ProjectDependencies) = postProject
		{B931BE45-D37C-3530-8F99-8400CC6E45F7} = {B931BE45-D37C-3530-8F99-8400CC6E45F7}
		{183A9578-E79F-321F-8295-DF9363C61D3D} = {183A9578-E79F-321F-8295-DF9363C61D3D}
		{0F4258A7-D311-30B1-B625-745514D0248A} = {0F4258A7-D311-30B1-B625-745514D0248A}
		{25A49DF7-CF88-36E0-925D-DDDEF8FFC76D} = {25A49DF7-CF88-36E0-925D-DDDEF8FFC76D}
	EndProjectSection
EndProject
Project("{8BC9CEB8-8B4A-11D0-8D11-00A0C91BC942}") = "opencv_test_photo", "opencv_test_photo.vcxproj", "{2DAFBFDD-1419-36C3-8DC2-98BAD16AE2E2}"
	ProjectSection(ProjectDependencies) = postProject
		{B931BE45-D37C-3530-8F99-8400CC6E45F7} = {B931BE45-D37C-3530-8F99-8400CC6E45F7}
		{183A9578-E79F-321F-8295-DF9363C61D3D} = {183A9578-E79F-321F-8295-DF9363C61D3D}
		{0F4258A7-D311-30B1-B625-745514D0248A} = {0F4258A7-D311-30B1-B625-745514D0248A}
		{25A49DF7-CF88-36E0-925D-DDDEF8FFC76D} = {25A49DF7-CF88-36E0-925D-DDDEF8FFC76D}
	EndProjectSection
EndProject
Project("{8BC9CEB8-8B4A-11D0-8D11-00A0C91BC942}") = "opencv_test_shape", "opencv_test_shape.vcxproj", "{6C82FF10-A87D-365C-B8CF-AB14DE6A09C2}"
	ProjectSection(ProjectDependencies) = postProject
		{B931BE45-D37C-3530-8F99-8400CC6E45F7} = {B931BE45-D37C-3530-8F99-8400CC6E45F7}
		{183A9578-E79F-321F-8295-DF9363C61D3D} = {183A9578-E79F-321F-8295-DF9363C61D3D}
		{0F4258A7-D311-30B1-B625-745514D0248A} = {0F4258A7-D311-30B1-B625-745514D0248A}
		{25A49DF7-CF88-36E0-925D-DDDEF8FFC76D} = {25A49DF7-CF88-36E0-925D-DDDEF8FFC76D}
	EndProjectSection
EndProject
Project("{8BC9CEB8-8B4A-11D0-8D11-00A0C91BC942}") = "opencv_test_stitching", "opencv_test_stitching.vcxproj", "{79454261-DFFF-32CE-A7F8-B7DBE084136D}"
	ProjectSection(ProjectDependencies) = postProject
		{B931BE45-D37C-3530-8F99-8400CC6E45F7} = {B931BE45-D37C-3530-8F99-8400CC6E45F7}
		{183A9578-E79F-321F-8295-DF9363C61D3D} = {183A9578-E79F-321F-8295-DF9363C61D3D}
		{0F4258A7-D311-30B1-B625-745514D0248A} = {0F4258A7-D311-30B1-B625-745514D0248A}
		{25A49DF7-CF88-36E0-925D-DDDEF8FFC76D} = {25A49DF7-CF88-36E0-925D-DDDEF8FFC76D}
	EndProjectSection
EndProject
Project("{8BC9CEB8-8B4A-11D0-8D11-00A0C91BC942}") = "opencv_test_superres", "opencv_test_superres.vcxproj", "{D99CFB87-3FF6-3F9B-B2FB-D70EC0855695}"
	ProjectSection(ProjectDependencies) = postProject
		{B931BE45-D37C-3530-8F99-8400CC6E45F7} = {B931BE45-D37C-3530-8F99-8400CC6E45F7}
		{183A9578-E79F-321F-8295-DF9363C61D3D} = {183A9578-E79F-321F-8295-DF9363C61D3D}
		{0F4258A7-D311-30B1-B625-745514D0248A} = {0F4258A7-D311-30B1-B625-745514D0248A}
		{25A49DF7-CF88-36E0-925D-DDDEF8FFC76D} = {25A49DF7-CF88-36E0-925D-DDDEF8FFC76D}
	EndProjectSection
EndProject
Project("{8BC9CEB8-8B4A-11D0-8D11-00A0C91BC942}") = "opencv_test_video", "opencv_test_video.vcxproj", "{09B017B9-0A7E-3762-ABA7-80F0FC5703D2}"
	ProjectSection(ProjectDependencies) = postProject
		{B931BE45-D37C-3530-8F99-8400CC6E45F7} = {B931BE45-D37C-3530-8F99-8400CC6E45F7}
		{183A9578-E79F-321F-8295-DF9363C61D3D} = {183A9578-E79F-321F-8295-DF9363C61D3D}
		{0F4258A7-D311-30B1-B625-745514D0248A} = {0F4258A7-D311-30B1-B625-745514D0248A}
		{25A49DF7-CF88-36E0-925D-DDDEF8FFC76D} = {25A49DF7-CF88-36E0-925D-DDDEF8FFC76D}
	EndProjectSection
EndProject
Project("{8BC9CEB8-8B4A-11D0-8D11-00A0C91BC942}") = "opencv_test_videoio", "opencv_test_videoio.vcxproj", "{2079C875-EB99-366A-952A-07E00CE6C0E1}"
	ProjectSection(ProjectDependencies) = postProject
		{B931BE45-D37C-3530-8F99-8400CC6E45F7} = {B931BE45-D37C-3530-8F99-8400CC6E45F7}
		{183A9578-E79F-321F-8295-DF9363C61D3D} = {183A9578-E79F-321F-8295-DF9363C61D3D}
		{0F4258A7-D311-30B1-B625-745514D0248A} = {0F4258A7-D311-30B1-B625-745514D0248A}
		{25A49DF7-CF88-36E0-925D-DDDEF8FFC76D} = {25A49DF7-CF88-36E0-925D-DDDEF8FFC76D}
	EndProjectSection
EndProject
Project("{8BC9CEB8-8B4A-11D0-8D11-00A0C91BC942}") = "opencv_test_videostab", "opencv_test_videostab.vcxproj", "{A532A956-A309-3604-9A34-202A16D07561}"
	ProjectSection(ProjectDependencies) = postProject
		{B931BE45-D37C-3530-8F99-8400CC6E45F7} = {B931BE45-D37C-3530-8F99-8400CC6E45F7}
		{183A9578-E79F-321F-8295-DF9363C61D3D} = {183A9578-E79F-321F-8295-DF9363C61D3D}
		{0F4258A7-D311-30B1-B625-745514D0248A} = {0F4258A7-D311-30B1-B625-745514D0248A}
		{25A49DF7-CF88-36E0-925D-DDDEF8FFC76D} = {25A49DF7-CF88-36E0-925D-DDDEF8FFC76D}
	EndProjectSection
EndProject
Project("{8BC9CEB8-8B4A-11D0-8D11-00A0C91BC942}") = "opencv_ts", "..\ts\opencv_ts.vcxproj", "{0F4258A7-D311-30B1-B625-745514D0248A}"
	ProjectSection(ProjectDependencies) = postProject
		{B931BE45-D37C-3530-8F99-8400CC6E45F7} = {B931BE45-D37C-3530-8F99-8400CC6E45F7}
		{183A9578-E79F-321F-8295-DF9363C61D3D} = {183A9578-E79F-321F-8295-DF9363C61D3D}
		{25A49DF7-CF88-36E0-925D-DDDEF8FFC76D} = {25A49DF7-CF88-36E0-925D-DDDEF8FFC76D}
	EndProjectSection
EndProject
Project("{8BC9CEB8-8B4A-11D0-8D11-00A0C91BC942}") = "opencv_world", "opencv_world.vcxproj", "{25A49DF7-CF88-36E0-925D-DDDEF8FFC76D}"
	ProjectSection(ProjectDependencies) = postProject
		{02BCF258-E027-3320-8653-CFABE276FF0D} = {02BCF258-E027-3320-8653-CFABE276FF0D}
		{B931BE45-D37C-3530-8F99-8400CC6E45F7} = {B931BE45-D37C-3530-8F99-8400CC6E45F7}
		{183A9578-E79F-321F-8295-DF9363C61D3D} = {183A9578-E79F-321F-8295-DF9363C61D3D}
		{3D5D2E0A-D22E-37F6-94E6-3B5C130FA67C} = {3D5D2E0A-D22E-37F6-94E6-3B5C130FA67C}
		{FD94F9FE-D90B-31D7-B200-71ECFBA0EB2E} = {FD94F9FE-D90B-31D7-B200-71ECFBA0EB2E}
		{F78CE7FE-51D3-3C6C-BC52-5AA737DEA00F} = {F78CE7FE-51D3-3C6C-BC52-5AA737DEA00F}
		{1520D62E-06E6-37DC-B269-9D96C6289B46} = {1520D62E-06E6-37DC-B269-9D96C6289B46}
		{1684BABC-945D-37E4-8300-24ECBDDC9A65} = {1684BABC-945D-37E4-8300-24ECBDDC9A65}
		{F99E9C3D-B295-3DD8-9E5D-0BFC537759B9} = {F99E9C3D-B295-3DD8-9E5D-0BFC537759B9}
		{1079F874-3491-304A-BD75-23C0E7FBE1F4} = {1079F874-3491-304A-BD75-23C0E7FBE1F4}
		{1278C027-FC61-3E94-B75F-EE7042D093F8} = {1278C027-FC61-3E94-B75F-EE7042D093F8}
		{1FB09CD2-0F33-3ED9-8F39-AC10DC15B052} = {1FB09CD2-0F33-3ED9-8F39-AC10DC15B052}
		{B67ABBD6-31E8-365F-8D43-9F37494EB0D0} = {B67ABBD6-31E8-365F-8D43-9F37494EB0D0}
		{5DC23801-AC6D-3B07-A8FC-D84ABDB3FA52} = {5DC23801-AC6D-3B07-A8FC-D84ABDB3FA52}
		{107AF265-3CFE-3FC5-8DDF-7FFB9645C835} = {107AF265-3CFE-3FC5-8DDF-7FFB9645C835}
		{5AEFBBC9-D564-32FB-8005-3899F4202677} = {5AEFBBC9-D564-32FB-8005-3899F4202677}
	EndProjectSection
EndProject
Project("{8BC9CEB8-8B4A-11D0-8D11-00A0C91BC942}") = "opencv_world_AVX", "opencv_world_AVX.vcxproj", "{1278C027-FC61-3E94-B75F-EE7042D093F8}"
	ProjectSection(ProjectDependencies) = postProject
		{B931BE45-D37C-3530-8F99-8400CC6E45F7} = {B931BE45-D37C-3530-8F99-8400CC6E45F7}
	EndProjectSection
EndProject
Project("{8BC9CEB8-8B4A-11D0-8D11-00A0C91BC942}") = "opencv_world_AVX2", "opencv_world_AVX2.vcxproj", "{1FB09CD2-0F33-3ED9-8F39-AC10DC15B052}"
	ProjectSection(ProjectDependencies) = postProject
		{B931BE45-D37C-3530-8F99-8400CC6E45F7} = {B931BE45-D37C-3530-8F99-8400CC6E45F7}
	EndProjectSection
EndProject
Project("{8BC9CEB8-8B4A-11D0-8D11-00A0C91BC942}") = "opencv_world_FP16", "opencv_world_FP16.vcxproj", "{B67ABBD6-31E8-365F-8D43-9F37494EB0D0}"
	ProjectSection(ProjectDependencies) = postProject
		{B931BE45-D37C-3530-8F99-8400CC6E45F7} = {B931BE45-D37C-3530-8F99-8400CC6E45F7}
	EndProjectSection
EndProject
Project("{8BC9CEB8-8B4A-11D0-8D11-00A0C91BC942}") = "opencv_world_SSE4_1", "opencv_world_SSE4_1.vcxproj", "{5DC23801-AC6D-3B07-A8FC-D84ABDB3FA52}"
	ProjectSection(ProjectDependencies) = postProject
		{B931BE45-D37C-3530-8F99-8400CC6E45F7} = {B931BE45-D37C-3530-8F99-8400CC6E45F7}
	EndProjectSection
EndProject
Project("{8BC9CEB8-8B4A-11D0-8D11-00A0C91BC942}") = "opencv_world_SSE4_2", "opencv_world_SSE4_2.vcxproj", "{107AF265-3CFE-3FC5-8DDF-7FFB9645C835}"
	ProjectSection(ProjectDependencies) = postProject
		{B931BE45-D37C-3530-8F99-8400CC6E45F7} = {B931BE45-D37C-3530-8F99-8400CC6E45F7}
	EndProjectSection
EndProject
Project("{8BC9CEB8-8B4A-11D0-8D11-00A0C91BC942}") = "zlib", "..\..\3rdparty\zlib\zlib.vcxproj", "{5AEFBBC9-D564-32FB-8005-3899F4202677}"
	ProjectSection(ProjectDependencies) = postProject
		{B931BE45-D37C-3530-8F99-8400CC6E45F7} = {B931BE45-D37C-3530-8F99-8400CC6E45F7}
	EndProjectSection
EndProject
Global
	GlobalSection(SolutionConfigurationPlatforms) = preSolution
		Debug|x64 = Debug|x64
		Release|x64 = Release|x64
	EndGlobalSection
	GlobalSection(ProjectConfigurationPlatforms) = postSolution
		{95EF3B04-0BB5-339F-87F4-C7EE230FBCDD}.Debug|x64.ActiveCfg = Debug|x64
		{95EF3B04-0BB5-339F-87F4-C7EE230FBCDD}.Debug|x64.Build.0 = Debug|x64
		{95EF3B04-0BB5-339F-87F4-C7EE230FBCDD}.Release|x64.ActiveCfg = Release|x64
		{95EF3B04-0BB5-339F-87F4-C7EE230FBCDD}.Release|x64.Build.0 = Release|x64
		{FD94375D-5F0C-37AA-B40F-A1A5906888A0}.Debug|x64.ActiveCfg = Debug|x64
		{FD94375D-5F0C-37AA-B40F-A1A5906888A0}.Release|x64.ActiveCfg = Release|x64
		{02BCF258-E027-3320-8653-CFABE276FF0D}.Debug|x64.ActiveCfg = Debug|x64
		{02BCF258-E027-3320-8653-CFABE276FF0D}.Debug|x64.Build.0 = Debug|x64
		{02BCF258-E027-3320-8653-CFABE276FF0D}.Release|x64.ActiveCfg = Release|x64
		{02BCF258-E027-3320-8653-CFABE276FF0D}.Release|x64.Build.0 = Release|x64
		{70411D32-1C62-3657-93BE-A20DFFBAA026}.Debug|x64.ActiveCfg = Debug|x64
		{70411D32-1C62-3657-93BE-A20DFFBAA026}.Release|x64.ActiveCfg = Release|x64
		{3E356655-BD86-33A3-8981-F6B141ACBC9C}.Debug|x64.ActiveCfg = Debug|x64
		{3E356655-BD86-33A3-8981-F6B141ACBC9C}.Release|x64.ActiveCfg = Release|x64
		{B931BE45-D37C-3530-8F99-8400CC6E45F7}.Debug|x64.ActiveCfg = Debug|x64
		{B931BE45-D37C-3530-8F99-8400CC6E45F7}.Debug|x64.Build.0 = Debug|x64
		{B931BE45-D37C-3530-8F99-8400CC6E45F7}.Release|x64.ActiveCfg = Release|x64
		{B931BE45-D37C-3530-8F99-8400CC6E45F7}.Release|x64.Build.0 = Release|x64
		{183A9578-E79F-321F-8295-DF9363C61D3D}.Debug|x64.ActiveCfg = Debug|x64
		{183A9578-E79F-321F-8295-DF9363C61D3D}.Debug|x64.Build.0 = Debug|x64
		{183A9578-E79F-321F-8295-DF9363C61D3D}.Release|x64.ActiveCfg = Release|x64
		{183A9578-E79F-321F-8295-DF9363C61D3D}.Release|x64.Build.0 = Release|x64
		{3D5D2E0A-D22E-37F6-94E6-3B5C130FA67C}.Debug|x64.ActiveCfg = Debug|x64
		{3D5D2E0A-D22E-37F6-94E6-3B5C130FA67C}.Debug|x64.Build.0 = Debug|x64
		{3D5D2E0A-D22E-37F6-94E6-3B5C130FA67C}.Release|x64.ActiveCfg = Release|x64
		{3D5D2E0A-D22E-37F6-94E6-3B5C130FA67C}.Release|x64.Build.0 = Release|x64
		{FD94F9FE-D90B-31D7-B200-71ECFBA0EB2E}.Debug|x64.ActiveCfg = Debug|x64
		{FD94F9FE-D90B-31D7-B200-71ECFBA0EB2E}.Debug|x64.Build.0 = Debug|x64
		{FD94F9FE-D90B-31D7-B200-71ECFBA0EB2E}.Release|x64.ActiveCfg = Release|x64
		{FD94F9FE-D90B-31D7-B200-71ECFBA0EB2E}.Release|x64.Build.0 = Release|x64
		{F78CE7FE-51D3-3C6C-BC52-5AA737DEA00F}.Debug|x64.ActiveCfg = Debug|x64
		{F78CE7FE-51D3-3C6C-BC52-5AA737DEA00F}.Debug|x64.Build.0 = Debug|x64
		{F78CE7FE-51D3-3C6C-BC52-5AA737DEA00F}.Release|x64.ActiveCfg = Release|x64
		{F78CE7FE-51D3-3C6C-BC52-5AA737DEA00F}.Release|x64.Build.0 = Release|x64
		{1520D62E-06E6-37DC-B269-9D96C6289B46}.Debug|x64.ActiveCfg = Debug|x64
		{1520D62E-06E6-37DC-B269-9D96C6289B46}.Debug|x64.Build.0 = Debug|x64
		{1520D62E-06E6-37DC-B269-9D96C6289B46}.Release|x64.ActiveCfg = Release|x64
		{1520D62E-06E6-37DC-B269-9D96C6289B46}.Release|x64.Build.0 = Release|x64
		{1684BABC-945D-37E4-8300-24ECBDDC9A65}.Debug|x64.ActiveCfg = Debug|x64
		{1684BABC-945D-37E4-8300-24ECBDDC9A65}.Debug|x64.Build.0 = Debug|x64
		{1684BABC-945D-37E4-8300-24ECBDDC9A65}.Release|x64.ActiveCfg = Release|x64
		{1684BABC-945D-37E4-8300-24ECBDDC9A65}.Release|x64.Build.0 = Release|x64
		{F99E9C3D-B295-3DD8-9E5D-0BFC537759B9}.Debug|x64.ActiveCfg = Debug|x64
		{F99E9C3D-B295-3DD8-9E5D-0BFC537759B9}.Debug|x64.Build.0 = Debug|x64
		{F99E9C3D-B295-3DD8-9E5D-0BFC537759B9}.Release|x64.ActiveCfg = Release|x64
		{F99E9C3D-B295-3DD8-9E5D-0BFC537759B9}.Release|x64.Build.0 = Release|x64
		{1079F874-3491-304A-BD75-23C0E7FBE1F4}.Debug|x64.ActiveCfg = Debug|x64
		{1079F874-3491-304A-BD75-23C0E7FBE1F4}.Debug|x64.Build.0 = Debug|x64
		{1079F874-3491-304A-BD75-23C0E7FBE1F4}.Release|x64.ActiveCfg = Release|x64
		{1079F874-3491-304A-BD75-23C0E7FBE1F4}.Release|x64.Build.0 = Release|x64
		{415C1D5D-BAD3-33A4-B218-6DD7EC9775C0}.Debug|x64.ActiveCfg = Debug|x64
		{415C1D5D-BAD3-33A4-B218-6DD7EC9775C0}.Debug|x64.Build.0 = Debug|x64
		{415C1D5D-BAD3-33A4-B218-6DD7EC9775C0}.Release|x64.ActiveCfg = Release|x64
		{415C1D5D-BAD3-33A4-B218-6DD7EC9775C0}.Release|x64.Build.0 = Release|x64
		{E0847B38-1131-39C9-B964-2EDDD436719E}.Debug|x64.ActiveCfg = Debug|x64
		{E0847B38-1131-39C9-B964-2EDDD436719E}.Debug|x64.Build.0 = Debug|x64
		{E0847B38-1131-39C9-B964-2EDDD436719E}.Release|x64.ActiveCfg = Release|x64
		{E0847B38-1131-39C9-B964-2EDDD436719E}.Release|x64.Build.0 = Release|x64
		{07BF3D15-57F1-3569-8622-45BA91DE8123}.Debug|x64.ActiveCfg = Debug|x64
		{07BF3D15-57F1-3569-8622-45BA91DE8123}.Debug|x64.Build.0 = Debug|x64
		{07BF3D15-57F1-3569-8622-45BA91DE8123}.Release|x64.ActiveCfg = Release|x64
		{07BF3D15-57F1-3569-8622-45BA91DE8123}.Release|x64.Build.0 = Release|x64
		{148B0FCB-88A2-3982-BE87-6C370E2467DE}.Debug|x64.ActiveCfg = Debug|x64
		{148B0FCB-88A2-3982-BE87-6C370E2467DE}.Debug|x64.Build.0 = Debug|x64
		{148B0FCB-88A2-3982-BE87-6C370E2467DE}.Release|x64.ActiveCfg = Release|x64
		{148B0FCB-88A2-3982-BE87-6C370E2467DE}.Release|x64.Build.0 = Release|x64
		{0DB3CABE-C177-30AA-8489-263E984AA04C}.Debug|x64.ActiveCfg = Debug|x64
		{0DB3CABE-C177-30AA-8489-263E984AA04C}.Debug|x64.Build.0 = Debug|x64
		{0DB3CABE-C177-30AA-8489-263E984AA04C}.Release|x64.ActiveCfg = Release|x64
		{0DB3CABE-C177-30AA-8489-263E984AA04C}.Release|x64.Build.0 = Release|x64
		{49A9B532-59DB-3AFB-9168-06A4D194389B}.Debug|x64.ActiveCfg = Debug|x64
		{49A9B532-59DB-3AFB-9168-06A4D194389B}.Debug|x64.Build.0 = Debug|x64
		{49A9B532-59DB-3AFB-9168-06A4D194389B}.Release|x64.ActiveCfg = Release|x64
		{49A9B532-59DB-3AFB-9168-06A4D194389B}.Release|x64.Build.0 = Release|x64
		{1AB93597-B268-3E9B-B3D1-A793DFB15B7C}.Debug|x64.ActiveCfg = Debug|x64
		{1AB93597-B268-3E9B-B3D1-A793DFB15B7C}.Debug|x64.Build.0 = Debug|x64
		{1AB93597-B268-3E9B-B3D1-A793DFB15B7C}.Release|x64.ActiveCfg = Release|x64
		{1AB93597-B268-3E9B-B3D1-A793DFB15B7C}.Release|x64.Build.0 = Release|x64
		{D5B34A1B-6117-3CA2-8B2A-5F1F3A9D8409}.Debug|x64.ActiveCfg = Debug|x64
		{D5B34A1B-6117-3CA2-8B2A-5F1F3A9D8409}.Debug|x64.Build.0 = Debug|x64
		{D5B34A1B-6117-3CA2-8B2A-5F1F3A9D8409}.Release|x64.ActiveCfg = Release|x64
		{D5B34A1B-6117-3CA2-8B2A-5F1F3A9D8409}.Release|x64.Build.0 = Release|x64
		{3838FA38-416B-33CF-972C-B98054F67336}.Debug|x64.ActiveCfg = Debug|x64
		{3838FA38-416B-33CF-972C-B98054F67336}.Debug|x64.Build.0 = Debug|x64
		{3838FA38-416B-33CF-972C-B98054F67336}.Release|x64.ActiveCfg = Release|x64
		{3838FA38-416B-33CF-972C-B98054F67336}.Release|x64.Build.0 = Release|x64
		{426B8A1B-1F26-369D-8B4F-DB53FA756B6F}.Debug|x64.ActiveCfg = Debug|x64
		{426B8A1B-1F26-369D-8B4F-DB53FA756B6F}.Debug|x64.Build.0 = Debug|x64
		{426B8A1B-1F26-369D-8B4F-DB53FA756B6F}.Release|x64.ActiveCfg = Release|x64
		{426B8A1B-1F26-369D-8B4F-DB53FA756B6F}.Release|x64.Build.0 = Release|x64
		{6F75A5D4-6DDD-316A-8F21-61D78A2D96B7}.Debug|x64.ActiveCfg = Debug|x64
		{6F75A5D4-6DDD-316A-8F21-61D78A2D96B7}.Debug|x64.Build.0 = Debug|x64
		{6F75A5D4-6DDD-316A-8F21-61D78A2D96B7}.Release|x64.ActiveCfg = Release|x64
		{6F75A5D4-6DDD-316A-8F21-61D78A2D96B7}.Release|x64.Build.0 = Release|x64
		{29E15EA4-4903-3412-ABCE-E3A701C5BEBF}.Debug|x64.ActiveCfg = Debug|x64
		{29E15EA4-4903-3412-ABCE-E3A701C5BEBF}.Debug|x64.Build.0 = Debug|x64
		{29E15EA4-4903-3412-ABCE-E3A701C5BEBF}.Release|x64.ActiveCfg = Release|x64
		{29E15EA4-4903-3412-ABCE-E3A701C5BEBF}.Release|x64.Build.0 = Release|x64
		{86DC3DC1-5D43-3C8C-9E43-F0934C09995C}.Debug|x64.ActiveCfg = Debug|x64
		{86DC3DC1-5D43-3C8C-9E43-F0934C09995C}.Debug|x64.Build.0 = Debug|x64
		{86DC3DC1-5D43-3C8C-9E43-F0934C09995C}.Release|x64.ActiveCfg = Release|x64
		{86DC3DC1-5D43-3C8C-9E43-F0934C09995C}.Release|x64.Build.0 = Release|x64
		{76EAD6C0-EB17-3760-8731-3530A7FFC887}.Debug|x64.ActiveCfg = Debug|x64
		{76EAD6C0-EB17-3760-8731-3530A7FFC887}.Debug|x64.Build.0 = Debug|x64
		{76EAD6C0-EB17-3760-8731-3530A7FFC887}.Release|x64.ActiveCfg = Release|x64
		{76EAD6C0-EB17-3760-8731-3530A7FFC887}.Release|x64.Build.0 = Release|x64
		{CE2D2B98-934B-375B-9D95-A7419934CE7B}.Debug|x64.ActiveCfg = Debug|x64
		{CE2D2B98-934B-375B-9D95-A7419934CE7B}.Debug|x64.Build.0 = Debug|x64
		{CE2D2B98-934B-375B-9D95-A7419934CE7B}.Release|x64.ActiveCfg = Release|x64
		{CE2D2B98-934B-375B-9D95-A7419934CE7B}.Release|x64.Build.0 = Release|x64
		{D819C2FF-31EF-3D8F-85E5-5CBC2DE81B85}.Debug|x64.ActiveCfg = Debug|x64
		{D819C2FF-31EF-3D8F-85E5-5CBC2DE81B85}.Debug|x64.Build.0 = Debug|x64
		{D819C2FF-31EF-3D8F-85E5-5CBC2DE81B85}.Release|x64.ActiveCfg = Release|x64
		{D819C2FF-31EF-3D8F-85E5-5CBC2DE81B85}.Release|x64.Build.0 = Release|x64
		{4CC2E523-A6E3-3E76-BF5E-3A356020028B}.Debug|x64.ActiveCfg = Debug|x64
		{4CC2E523-A6E3-3E76-BF5E-3A356020028B}.Debug|x64.Build.0 = Debug|x64
		{4CC2E523-A6E3-3E76-BF5E-3A356020028B}.Release|x64.ActiveCfg = Release|x64
		{4CC2E523-A6E3-3E76-BF5E-3A356020028B}.Release|x64.Build.0 = Release|x64
		{14C44FCD-E9BB-3A28-A2CD-6914B00A2A1E}.Debug|x64.ActiveCfg = Debug|x64
		{14C44FCD-E9BB-3A28-A2CD-6914B00A2A1E}.Debug|x64.Build.0 = Debug|x64
		{14C44FCD-E9BB-3A28-A2CD-6914B00A2A1E}.Release|x64.ActiveCfg = Release|x64
		{14C44FCD-E9BB-3A28-A2CD-6914B00A2A1E}.Release|x64.Build.0 = Release|x64
		{6C34A670-9064-326D-935D-E4187921F603}.Debug|x64.ActiveCfg = Debug|x64
		{6C34A670-9064-326D-935D-E4187921F603}.Debug|x64.Build.0 = Debug|x64
		{6C34A670-9064-326D-935D-E4187921F603}.Release|x64.ActiveCfg = Release|x64
		{6C34A670-9064-326D-935D-E4187921F603}.Release|x64.Build.0 = Release|x64
		{53E4E1C1-A869-3B9F-B9F0-12616E5383CD}.Debug|x64.ActiveCfg = Debug|x64
		{53E4E1C1-A869-3B9F-B9F0-12616E5383CD}.Debug|x64.Build.0 = Debug|x64
		{53E4E1C1-A869-3B9F-B9F0-12616E5383CD}.Release|x64.ActiveCfg = Release|x64
		{53E4E1C1-A869-3B9F-B9F0-12616E5383CD}.Release|x64.Build.0 = Release|x64
		{CEE0E403-326D-30B6-9E63-F0F39A97F865}.Debug|x64.ActiveCfg = Debug|x64
		{CEE0E403-326D-30B6-9E63-F0F39A97F865}.Debug|x64.Build.0 = Debug|x64
		{CEE0E403-326D-30B6-9E63-F0F39A97F865}.Release|x64.ActiveCfg = Release|x64
		{CEE0E403-326D-30B6-9E63-F0F39A97F865}.Release|x64.Build.0 = Release|x64
		{F2428716-F3C2-3843-A484-A5A16389219C}.Debug|x64.ActiveCfg = Debug|x64
		{F2428716-F3C2-3843-A484-A5A16389219C}.Debug|x64.Build.0 = Debug|x64
		{F2428716-F3C2-3843-A484-A5A16389219C}.Release|x64.ActiveCfg = Release|x64
		{F2428716-F3C2-3843-A484-A5A16389219C}.Release|x64.Build.0 = Release|x64
		{26DC6CF4-CFAD-39A7-BED0-67DD42EA548B}.Debug|x64.ActiveCfg = Debug|x64
		{26DC6CF4-CFAD-39A7-BED0-67DD42EA548B}.Debug|x64.Build.0 = Debug|x64
		{26DC6CF4-CFAD-39A7-BED0-67DD42EA548B}.Release|x64.ActiveCfg = Release|x64
		{26DC6CF4-CFAD-39A7-BED0-67DD42EA548B}.Release|x64.Build.0 = Release|x64
		{2DAFBFDD-1419-36C3-8DC2-98BAD16AE2E2}.Debug|x64.ActiveCfg = Debug|x64
		{2DAFBFDD-1419-36C3-8DC2-98BAD16AE2E2}.Debug|x64.Build.0 = Debug|x64
		{2DAFBFDD-1419-36C3-8DC2-98BAD16AE2E2}.Release|x64.ActiveCfg = Release|x64
		{2DAFBFDD-1419-36C3-8DC2-98BAD16AE2E2}.Release|x64.Build.0 = Release|x64
		{6C82FF10-A87D-365C-B8CF-AB14DE6A09C2}.Debug|x64.ActiveCfg = Debug|x64
		{6C82FF10-A87D-365C-B8CF-AB14DE6A09C2}.Debug|x64.Build.0 = Debug|x64
		{6C82FF10-A87D-365C-B8CF-AB14DE6A09C2}.Release|x64.ActiveCfg = Release|x64
		{6C82FF10-A87D-365C-B8CF-AB14DE6A09C2}.Release|x64.Build.0 = Release|x64
		{79454261-DFFF-32CE-A7F8-B7DBE084136D}.Debug|x64.ActiveCfg = Debug|x64
		{79454261-DFFF-32CE-A7F8-B7DBE084136D}.Debug|x64.Build.0 = Debug|x64
		{79454261-DFFF-32CE-A7F8-B7DBE084136D}.Release|x64.ActiveCfg = Release|x64
		{79454261-DFFF-32CE-A7F8-B7DBE084136D}.Release|x64.Build.0 = Release|x64
		{D99CFB87-3FF6-3F9B-B2FB-D70EC0855695}.Debug|x64.ActiveCfg = Debug|x64
		{D99CFB87-3FF6-3F9B-B2FB-D70EC0855695}.Debug|x64.Build.0 = Debug|x64
		{D99CFB87-3FF6-3F9B-B2FB-D70EC0855695}.Release|x64.ActiveCfg = Release|x64
		{D99CFB87-3FF6-3F9B-B2FB-D70EC0855695}.Release|x64.Build.0 = Release|x64
		{09B017B9-0A7E-3762-ABA7-80F0FC5703D2}.Debug|x64.ActiveCfg = Debug|x64
		{09B017B9-0A7E-3762-ABA7-80F0FC5703D2}.Debug|x64.Build.0 = Debug|x64
		{09B017B9-0A7E-3762-ABA7-80F0FC5703D2}.Release|x64.ActiveCfg = Release|x64
		{09B017B9-0A7E-3762-ABA7-80F0FC5703D2}.Release|x64.Build.0 = Release|x64
		{2079C875-EB99-366A-952A-07E00CE6C0E1}.Debug|x64.ActiveCfg = Debug|x64
		{2079C875-EB99-366A-952A-07E00CE6C0E1}.Debug|x64.Build.0 = Debug|x64
		{2079C875-EB99-366A-952A-07E00CE6C0E1}.Release|x64.ActiveCfg = Release|x64
		{2079C875-EB99-366A-952A-07E00CE6C0E1}.Release|x64.Build.0 = Release|x64
		{A532A956-A309-3604-9A34-202A16D07561}.Debug|x64.ActiveCfg = Debug|x64
		{A532A956-A309-3604-9A34-202A16D07561}.Debug|x64.Build.0 = Debug|x64
		{A532A956-A309-3604-9A34-202A16D07561}.Release|x64.ActiveCfg = Release|x64
		{A532A956-A309-3604-9A34-202A16D07561}.Release|x64.Build.0 = Release|x64
		{0F4258A7-D311-30B1-B625-745514D0248A}.Debug|x64.ActiveCfg = Debug|x64
		{0F4258A7-D311-30B1-B625-745514D0248A}.Debug|x64.Build.0 = Debug|x64
		{0F4258A7-D311-30B1-B625-745514D0248A}.Release|x64.ActiveCfg = Release|x64
		{0F4258A7-D311-30B1-B625-745514D0248A}.Release|x64.Build.0 = Release|x64
		{25A49DF7-CF88-36E0-925D-DDDEF8FFC76D}.Debug|x64.ActiveCfg = Debug|x64
		{25A49DF7-CF88-36E0-925D-DDDEF8FFC76D}.Debug|x64.Build.0 = Debug|x64
		{25A49DF7-CF88-36E0-925D-DDDEF8FFC76D}.Release|x64.ActiveCfg = Release|x64
		{25A49DF7-CF88-36E0-925D-DDDEF8FFC76D}.Release|x64.Build.0 = Release|x64
		{1278C027-FC61-3E94-B75F-EE7042D093F8}.Debug|x64.ActiveCfg = Debug|x64
		{1278C027-FC61-3E94-B75F-EE7042D093F8}.Debug|x64.Build.0 = Debug|x64
		{1278C027-FC61-3E94-B75F-EE7042D093F8}.Release|x64.ActiveCfg = Release|x64
		{1278C027-FC61-3E94-B75F-EE7042D093F8}.Release|x64.Build.0 = Release|x64
		{1FB09CD2-0F33-3ED9-8F39-AC10DC15B052}.Debug|x64.ActiveCfg = Debug|x64
		{1FB09CD2-0F33-3ED9-8F39-AC10DC15B052}.Debug|x64.Build.0 = Debug|x64
		{1FB09CD2-0F33-3ED9-8F39-AC10DC15B052}.Release|x64.ActiveCfg = Release|x64
		{1FB09CD2-0F33-3ED9-8F39-AC10DC15B052}.Release|x64.Build.0 = Release|x64
		{B67ABBD6-31E8-365F-8D43-9F37494EB0D0}.Debug|x64.ActiveCfg = Debug|x64
		{B67ABBD6-31E8-365F-8D43-9F37494EB0D0}.Debug|x64.Build.0 = Debug|x64
		{B67ABBD6-31E8-365F-8D43-9F37494EB0D0}.Release|x64.ActiveCfg = Release|x64
		{B67ABBD6-31E8-365F-8D43-9F37494EB0D0}.Release|x64.Build.0 = Release|x64
		{5DC23801-AC6D-3B07-A8FC-D84ABDB3FA52}.Debug|x64.ActiveCfg = Debug|x64
		{5DC23801-AC6D-3B07-A8FC-D84ABDB3FA52}.Debug|x64.Build.0 = Debug|x64
		{5DC23801-AC6D-3B07-A8FC-D84ABDB3FA52}.Release|x64.ActiveCfg = Release|x64
		{5DC23801-AC6D-3B07-A8FC-D84ABDB3FA52}.Release|x64.Build.0 = Release|x64
		{107AF265-3CFE-3FC5-8DDF-7FFB9645C835}.Debug|x64.ActiveCfg = Debug|x64
		{107AF265-3CFE-3FC5-8DDF-7FFB9645C835}.Debug|x64.Build.0 = Debug|x64
		{107AF265-3CFE-3FC5-8DDF-7FFB9645C835}.Release|x64.ActiveCfg = Release|x64
		{107AF265-3CFE-3FC5-8DDF-7FFB9645C835}.Release|x64.Build.0 = Release|x64
		{5AEFBBC9-D564-32FB-8005-3899F4202677}.Debug|x64.ActiveCfg = Debug|x64
		{5AEFBBC9-D564-32FB-8005-3899F4202677}.Debug|x64.Build.0 = Debug|x64
		{5AEFBBC9-D564-32FB-8005-3899F4202677}.Release|x64.ActiveCfg = Release|x64
		{5AEFBBC9-D564-32FB-8005-3899F4202677}.Release|x64.Build.0 = Release|x64
	EndGlobalSection
	GlobalSection(NestedProjects) = preSolution
		{02BCF258-E027-3320-8653-CFABE276FF0D} = {0103DD95-6243-3050-98EE-58C1B1E8F717}
		{183A9578-E79F-321F-8295-DF9363C61D3D} = {0103DD95-6243-3050-98EE-58C1B1E8F717}
		{3D5D2E0A-D22E-37F6-94E6-3B5C130FA67C} = {0103DD95-6243-3050-98EE-58C1B1E8F717}
		{FD94F9FE-D90B-31D7-B200-71ECFBA0EB2E} = {0103DD95-6243-3050-98EE-58C1B1E8F717}
		{F78CE7FE-51D3-3C6C-BC52-5AA737DEA00F} = {0103DD95-6243-3050-98EE-58C1B1E8F717}
		{1520D62E-06E6-37DC-B269-9D96C6289B46} = {0103DD95-6243-3050-98EE-58C1B1E8F717}
		{1684BABC-945D-37E4-8300-24ECBDDC9A65} = {0103DD95-6243-3050-98EE-58C1B1E8F717}
		{F99E9C3D-B295-3DD8-9E5D-0BFC537759B9} = {0103DD95-6243-3050-98EE-58C1B1E8F717}
		{1079F874-3491-304A-BD75-23C0E7FBE1F4} = {0103DD95-6243-3050-98EE-58C1B1E8F717}
		{5AEFBBC9-D564-32FB-8005-3899F4202677} = {0103DD95-6243-3050-98EE-58C1B1E8F717}
		{95EF3B04-0BB5-339F-87F4-C7EE230FBCDD} = {DDCF8B3A-0145-3B9F-ACFA-009D4C620E76}
		{FD94375D-5F0C-37AA-B40F-A1A5906888A0} = {DDCF8B3A-0145-3B9F-ACFA-009D4C620E76}
		{70411D32-1C62-3657-93BE-A20DFFBAA026} = {DDCF8B3A-0145-3B9F-ACFA-009D4C620E76}
		{3E356655-BD86-33A3-8981-F6B141ACBC9C} = {DDCF8B3A-0145-3B9F-ACFA-009D4C620E76}
		{B931BE45-D37C-3530-8F99-8400CC6E45F7} = {DDCF8B3A-0145-3B9F-ACFA-009D4C620E76}
		{CE2D2B98-934B-375B-9D95-A7419934CE7B} = {10D5B8FA-3D16-3A1F-BE3E-7709E028A017}
		{1278C027-FC61-3E94-B75F-EE7042D093F8} = {10D5B8FA-3D16-3A1F-BE3E-7709E028A017}
		{1FB09CD2-0F33-3ED9-8F39-AC10DC15B052} = {10D5B8FA-3D16-3A1F-BE3E-7709E028A017}
		{B67ABBD6-31E8-365F-8D43-9F37494EB0D0} = {10D5B8FA-3D16-3A1F-BE3E-7709E028A017}
		{5DC23801-AC6D-3B07-A8FC-D84ABDB3FA52} = {10D5B8FA-3D16-3A1F-BE3E-7709E028A017}
		{107AF265-3CFE-3FC5-8DDF-7FFB9645C835} = {10D5B8FA-3D16-3A1F-BE3E-7709E028A017}
		{0F4258A7-D311-30B1-B625-745514D0248A} = {B3A804F9-FBC5-3205-B8CC-A48D74E1B316}
		{25A49DF7-CF88-36E0-925D-DDDEF8FFC76D} = {B3A804F9-FBC5-3205-B8CC-A48D74E1B316}
		{86DC3DC1-5D43-3C8C-9E43-F0934C09995C} = {BA23E2FB-09ED-3F3B-B6D1-0A2FF623860E}
		{76EAD6C0-EB17-3760-8731-3530A7FFC887} = {BA23E2FB-09ED-3F3B-B6D1-0A2FF623860E}
		{D819C2FF-31EF-3D8F-85E5-5CBC2DE81B85} = {BA23E2FB-09ED-3F3B-B6D1-0A2FF623860E}
		{4CC2E523-A6E3-3E76-BF5E-3A356020028B} = {BA23E2FB-09ED-3F3B-B6D1-0A2FF623860E}
		{14C44FCD-E9BB-3A28-A2CD-6914B00A2A1E} = {BA23E2FB-09ED-3F3B-B6D1-0A2FF623860E}
		{6C34A670-9064-326D-935D-E4187921F603} = {BA23E2FB-09ED-3F3B-B6D1-0A2FF623860E}
		{53E4E1C1-A869-3B9F-B9F0-12616E5383CD} = {BA23E2FB-09ED-3F3B-B6D1-0A2FF623860E}
		{CEE0E403-326D-30B6-9E63-F0F39A97F865} = {BA23E2FB-09ED-3F3B-B6D1-0A2FF623860E}
		{F2428716-F3C2-3843-A484-A5A16389219C} = {BA23E2FB-09ED-3F3B-B6D1-0A2FF623860E}
		{26DC6CF4-CFAD-39A7-BED0-67DD42EA548B} = {BA23E2FB-09ED-3F3B-B6D1-0A2FF623860E}
		{2DAFBFDD-1419-36C3-8DC2-98BAD16AE2E2} = {BA23E2FB-09ED-3F3B-B6D1-0A2FF623860E}
		{6C82FF10-A87D-365C-B8CF-AB14DE6A09C2} = {BA23E2FB-09ED-3F3B-B6D1-0A2FF623860E}
		{79454261-DFFF-32CE-A7F8-B7DBE084136D} = {BA23E2FB-09ED-3F3B-B6D1-0A2FF623860E}
		{D99CFB87-3FF6-3F9B-B2FB-D70EC0855695} = {BA23E2FB-09ED-3F3B-B6D1-0A2FF623860E}
		{09B017B9-0A7E-3762-ABA7-80F0FC5703D2} = {BA23E2FB-09ED-3F3B-B6D1-0A2FF623860E}
		{2079C875-EB99-366A-952A-07E00CE6C0E1} = {BA23E2FB-09ED-3F3B-B6D1-0A2FF623860E}
		{A532A956-A309-3604-9A34-202A16D07561} = {BA23E2FB-09ED-3F3B-B6D1-0A2FF623860E}
		{415C1D5D-BAD3-33A4-B218-6DD7EC9775C0} = {1EF5B23E-A703-3675-9F1E-84D3B656B9F4}
		{E0847B38-1131-39C9-B964-2EDDD436719E} = {1EF5B23E-A703-3675-9F1E-84D3B656B9F4}
		{07BF3D15-57F1-3569-8622-45BA91DE8123} = {1EF5B23E-A703-3675-9F1E-84D3B656B9F4}
		{148B0FCB-88A2-3982-BE87-6C370E2467DE} = {1EF5B23E-A703-3675-9F1E-84D3B656B9F4}
		{0DB3CABE-C177-30AA-8489-263E984AA04C} = {1EF5B23E-A703-3675-9F1E-84D3B656B9F4}
		{49A9B532-59DB-3AFB-9168-06A4D194389B} = {1EF5B23E-A703-3675-9F1E-84D3B656B9F4}
		{1AB93597-B268-3E9B-B3D1-A793DFB15B7C} = {1EF5B23E-A703-3675-9F1E-84D3B656B9F4}
		{D5B34A1B-6117-3CA2-8B2A-5F1F3A9D8409} = {1EF5B23E-A703-3675-9F1E-84D3B656B9F4}
		{3838FA38-416B-33CF-972C-B98054F67336} = {1EF5B23E-A703-3675-9F1E-84D3B656B9F4}
		{426B8A1B-1F26-369D-8B4F-DB53FA756B6F} = {1EF5B23E-A703-3675-9F1E-84D3B656B9F4}
		{6F75A5D4-6DDD-316A-8F21-61D78A2D96B7} = {1EF5B23E-A703-3675-9F1E-84D3B656B9F4}
		{29E15EA4-4903-3412-ABCE-E3A701C5BEBF} = {1EF5B23E-A703-3675-9F1E-84D3B656B9F4}
	EndGlobalSection
	GlobalSection(ExtensibilityGlobals) = postSolution
		SolutionGuid = {3E1F1737-DB33-317E-80CD-979643F48E40}
	EndGlobalSection
	GlobalSection(ExtensibilityAddIns) = postSolution
	EndGlobalSection
EndGlobal
