<?xml version="1.0" encoding="UTF-8"?>
<Project ToolsVersion="14.0" xmlns="http://schemas.microsoft.com/developer/msbuild/2003">
  <ItemGroup>
    <ClCompile Include="E:\project\opencv.git\modules\photo\test\ocl\test_denoising.cpp">
      <Filter>opencv_photo\Src\ocl</Filter>
    </ClCompile>
    <ClCompile Include="E:\project\opencv.git\modules\photo\test\test_cloning.cpp">
      <Filter>opencv_photo\Src</Filter>
    </ClCompile>
    <ClCompile Include="E:\project\opencv.git\modules\photo\test\test_decolor.cpp">
      <Filter>opencv_photo\Src</Filter>
    </ClCompile>
    <ClCompile Include="E:\project\opencv.git\modules\photo\test\test_denoise_tvl1.cpp">
      <Filter>opencv_photo\Src</Filter>
    </ClCompile>
    <ClCompile Include="E:\project\opencv.git\modules\photo\test\test_denoising.cpp">
      <Filter>opencv_photo\Src</Filter>
    </ClCompile>
    <ClCompile Include="E:\project\opencv.git\modules\photo\test\test_denoising.cuda.cpp">
      <Filter>opencv_photo\Src</Filter>
    </ClCompile>
    <ClCompile Include="E:\project\opencv.git\modules\photo\test\test_hdr.cpp">
      <Filter>opencv_photo\Src</Filter>
    </ClCompile>
    <ClCompile Include="E:\project\opencv.git\modules\photo\test\test_inpaint.cpp">
      <Filter>opencv_photo\Src</Filter>
    </ClCompile>
    <ClCompile Include="E:\project\opencv.git\modules\photo\test\test_main.cpp">
      <Filter>opencv_photo\Src</Filter>
    </ClCompile>
    <ClCompile Include="E:\project\opencv.git\modules\photo\test\test_npr.cpp">
      <Filter>opencv_photo\Src</Filter>
    </ClCompile>
  </ItemGroup>
  <ItemGroup>
    <ClInclude Include="E:\project\opencv.git\modules\photo\test\test_precomp.hpp">
      <Filter>opencv_photo\Include</Filter>
    </ClInclude>
  </ItemGroup>
  <ItemGroup>
    <CustomBuild Include="E:\project\opencv.git\modules\world\CMakeLists.txt" />
  </ItemGroup>
  <ItemGroup>
    <Filter Include="opencv_photo\Src">
      <UniqueIdentifier>{2F2FE45C-BC4C-35A2-814D-5AF4BA3BACDC}</UniqueIdentifier>
    </Filter>
    <Filter Include="opencv_photo\Include">
      <UniqueIdentifier>{52D8ED48-A437-3F7B-9FA8-B26F3B377978}</UniqueIdentifier>
    </Filter>
    <Filter Include="opencv_photo\Src\ocl">
      <UniqueIdentifier>{DAC10BC0-1C85-328A-8ACD-530F71D546FC}</UniqueIdentifier>
    </Filter>
    <Filter Include="opencv_photo">
      <UniqueIdentifier>{C4BA3C3C-7229-337A-853B-7D0AA7290329}</UniqueIdentifier>
    </Filter>
  </ItemGroup>
</Project>
