<?xml version="1.0" encoding="UTF-8"?>
<Project ToolsVersion="14.0" xmlns="http://schemas.microsoft.com/developer/msbuild/2003">
  <ItemGroup>
    <ClCompile Include="E:\project\opencv.git\modules\imgproc\perf\opencl\perf_3vs4.cpp">
      <Filter>opencv_imgproc\Src\opencl</Filter>
    </ClCompile>
    <ClCompile Include="E:\project\opencv.git\modules\imgproc\perf\opencl\perf_accumulate.cpp">
      <Filter>opencv_imgproc\Src\opencl</Filter>
    </ClCompile>
    <ClCompile Include="E:\project\opencv.git\modules\imgproc\perf\opencl\perf_blend.cpp">
      <Filter>opencv_imgproc\Src\opencl</Filter>
    </ClCompile>
    <ClCompile Include="E:\project\opencv.git\modules\imgproc\perf\opencl\perf_color.cpp">
      <Filter>opencv_imgproc\Src\opencl</Filter>
    </ClCompile>
    <ClCompile Include="E:\project\opencv.git\modules\imgproc\perf\opencl\perf_filters.cpp">
      <Filter>opencv_imgproc\Src\opencl</Filter>
    </ClCompile>
    <ClCompile Include="E:\project\opencv.git\modules\imgproc\perf\opencl\perf_gftt.cpp">
      <Filter>opencv_imgproc\Src\opencl</Filter>
    </ClCompile>
    <ClCompile Include="E:\project\opencv.git\modules\imgproc\perf\opencl\perf_houghlines.cpp">
      <Filter>opencv_imgproc\Src\opencl</Filter>
    </ClCompile>
    <ClCompile Include="E:\project\opencv.git\modules\imgproc\perf\opencl\perf_imgproc.cpp">
      <Filter>opencv_imgproc\Src\opencl</Filter>
    </ClCompile>
    <ClCompile Include="E:\project\opencv.git\modules\imgproc\perf\opencl\perf_imgwarp.cpp">
      <Filter>opencv_imgproc\Src\opencl</Filter>
    </ClCompile>
    <ClCompile Include="E:\project\opencv.git\modules\imgproc\perf\opencl\perf_matchTemplate.cpp">
      <Filter>opencv_imgproc\Src\opencl</Filter>
    </ClCompile>
    <ClCompile Include="E:\project\opencv.git\modules\imgproc\perf\opencl\perf_moments.cpp">
      <Filter>opencv_imgproc\Src\opencl</Filter>
    </ClCompile>
    <ClCompile Include="E:\project\opencv.git\modules\imgproc\perf\opencl\perf_pyramid.cpp">
      <Filter>opencv_imgproc\Src\opencl</Filter>
    </ClCompile>
    <ClCompile Include="E:\project\opencv.git\modules\imgproc\perf\perf_accumulate.cpp">
      <Filter>opencv_imgproc\Src</Filter>
    </ClCompile>
    <ClCompile Include="E:\project\opencv.git\modules\imgproc\perf\perf_bilateral.cpp">
      <Filter>opencv_imgproc\Src</Filter>
    </ClCompile>
    <ClCompile Include="E:\project\opencv.git\modules\imgproc\perf\perf_blur.cpp">
      <Filter>opencv_imgproc\Src</Filter>
    </ClCompile>
    <ClCompile Include="E:\project\opencv.git\modules\imgproc\perf\perf_canny.cpp">
      <Filter>opencv_imgproc\Src</Filter>
    </ClCompile>
    <ClCompile Include="E:\project\opencv.git\modules\imgproc\perf\perf_corners.cpp">
      <Filter>opencv_imgproc\Src</Filter>
    </ClCompile>
    <ClCompile Include="E:\project\opencv.git\modules\imgproc\perf\perf_cvt_color.cpp">
      <Filter>opencv_imgproc\Src</Filter>
    </ClCompile>
    <ClCompile Include="E:\project\opencv.git\modules\imgproc\perf\perf_distanceTransform.cpp">
      <Filter>opencv_imgproc\Src</Filter>
    </ClCompile>
    <ClCompile Include="E:\project\opencv.git\modules\imgproc\perf\perf_filter2d.cpp">
      <Filter>opencv_imgproc\Src</Filter>
    </ClCompile>
    <ClCompile Include="E:\project\opencv.git\modules\imgproc\perf\perf_floodfill.cpp">
      <Filter>opencv_imgproc\Src</Filter>
    </ClCompile>
    <ClCompile Include="E:\project\opencv.git\modules\imgproc\perf\perf_goodFeaturesToTrack.cpp">
      <Filter>opencv_imgproc\Src</Filter>
    </ClCompile>
    <ClCompile Include="E:\project\opencv.git\modules\imgproc\perf\perf_histogram.cpp">
      <Filter>opencv_imgproc\Src</Filter>
    </ClCompile>
    <ClCompile Include="E:\project\opencv.git\modules\imgproc\perf\perf_houghcircles.cpp">
      <Filter>opencv_imgproc\Src</Filter>
    </ClCompile>
    <ClCompile Include="E:\project\opencv.git\modules\imgproc\perf\perf_houghlines.cpp">
      <Filter>opencv_imgproc\Src</Filter>
    </ClCompile>
    <ClCompile Include="E:\project\opencv.git\modules\imgproc\perf\perf_integral.cpp">
      <Filter>opencv_imgproc\Src</Filter>
    </ClCompile>
    <ClCompile Include="E:\project\opencv.git\modules\imgproc\perf\perf_main.cpp">
      <Filter>opencv_imgproc\Src</Filter>
    </ClCompile>
    <ClCompile Include="E:\project\opencv.git\modules\imgproc\perf\perf_matchTemplate.cpp">
      <Filter>opencv_imgproc\Src</Filter>
    </ClCompile>
    <ClCompile Include="E:\project\opencv.git\modules\imgproc\perf\perf_moments.cpp">
      <Filter>opencv_imgproc\Src</Filter>
    </ClCompile>
    <ClCompile Include="E:\project\opencv.git\modules\imgproc\perf\perf_morph.cpp">
      <Filter>opencv_imgproc\Src</Filter>
    </ClCompile>
    <ClCompile Include="E:\project\opencv.git\modules\imgproc\perf\perf_phasecorr.cpp">
      <Filter>opencv_imgproc\Src</Filter>
    </ClCompile>
    <ClCompile Include="E:\project\opencv.git\modules\imgproc\perf\perf_pyramids.cpp">
      <Filter>opencv_imgproc\Src</Filter>
    </ClCompile>
    <ClCompile Include="E:\project\opencv.git\modules\imgproc\perf\perf_remap.cpp">
      <Filter>opencv_imgproc\Src</Filter>
    </ClCompile>
    <ClCompile Include="E:\project\opencv.git\modules\imgproc\perf\perf_resize.cpp">
      <Filter>opencv_imgproc\Src</Filter>
    </ClCompile>
    <ClCompile Include="E:\project\opencv.git\modules\imgproc\perf\perf_sepfilters.cpp">
      <Filter>opencv_imgproc\Src</Filter>
    </ClCompile>
    <ClCompile Include="E:\project\opencv.git\modules\imgproc\perf\perf_spatialgradient.cpp">
      <Filter>opencv_imgproc\Src</Filter>
    </ClCompile>
    <ClCompile Include="E:\project\opencv.git\modules\imgproc\perf\perf_threshold.cpp">
      <Filter>opencv_imgproc\Src</Filter>
    </ClCompile>
    <ClCompile Include="E:\project\opencv.git\modules\imgproc\perf\perf_warp.cpp">
      <Filter>opencv_imgproc\Src</Filter>
    </ClCompile>
  </ItemGroup>
  <ItemGroup>
    <ClInclude Include="E:\project\opencv.git\modules\imgproc\perf\perf_precomp.hpp">
      <Filter>opencv_imgproc\Include</Filter>
    </ClInclude>
  </ItemGroup>
  <ItemGroup>
    <CustomBuild Include="E:\project\opencv.git\modules\world\CMakeLists.txt" />
  </ItemGroup>
  <ItemGroup>
    <Filter Include="opencv_imgproc\Src">
      <UniqueIdentifier>{65B42C08-BD6F-3C87-94E3-31FCC5CDBA97}</UniqueIdentifier>
    </Filter>
    <Filter Include="opencv_imgproc\Include">
      <UniqueIdentifier>{41C0CEE2-5ADF-3AA2-8E78-2D7EA836026A}</UniqueIdentifier>
    </Filter>
    <Filter Include="opencv_imgproc\Src\opencl">
      <UniqueIdentifier>{B37503AD-2E46-3103-BB3A-7B3B0E07774C}</UniqueIdentifier>
    </Filter>
    <Filter Include="opencv_imgproc">
      <UniqueIdentifier>{5E98CB13-2410-3559-9E2F-77C8A3AB6A4D}</UniqueIdentifier>
    </Filter>
  </ItemGroup>
</Project>
