<?xml version="1.0" encoding="UTF-8"?>
<Project ToolsVersion="14.0" xmlns="http://schemas.microsoft.com/developer/msbuild/2003">
  <ItemGroup>
    <CustomBuild Include="E:\project\opencv.git\modules\java\generator\CMakeLists.txt" />
    <CustomBuild Include="E:\project\opencv.git\3.4.1_vs2015\CMakeFiles\a95ec3b2bcde4b59bb93a78dcc9c1d89\gen_opencv_java_source.rule">
      <Filter>CMake Rules</Filter>
    </CustomBuild>
    <CustomBuild Include="E:\project\opencv.git\3.4.1_vs2015\CMakeFiles\23222e8fcf0010f8312d90dc169edb81\gen_opencv_java_source.rule">
      <Filter>CMake Rules</Filter>
    </CustomBuild>
  </ItemGroup>
  <ItemGroup>
    <None Include="E:\project\opencv.git\3.4.1_vs2015\modules\java_bindings_generator\CMakeFiles\gen_opencv_java_source" />
    <None Include="E:\project\opencv.git\modules\java\generator\gen_java.py" />
    <None Include="E:\project\opencv.git\3.4.1_vs2015\modules\java_bindings_generator\gen_java.json" />
  </ItemGroup>
  <ItemGroup>
    <Filter Include="CMake Rules">
      <UniqueIdentifier>{D3944C1C-5193-35EA-826D-FCCDE11D4882}</UniqueIdentifier>
    </Filter>
  </ItemGroup>
</Project>
