Microsoft Visual Studio Solution File, Format Version 12.00
# Visual Studio 14
Project("{2150E333-8FDC-42A3-9474-1A3956D46DE8}") = "3rdparty", "3rdparty", "{0103DD95-6243-3050-98EE-58C1B1E8F717}"
EndProject
Project("{2150E333-8FDC-42A3-9474-1A3956D46DE8}") = "CMakeTargets", "CMakeTargets", "{DDCF8B3A-0145-3B9F-ACFA-009D4C620E76}"
EndProject
Project("{2150E333-8FDC-42A3-9474-1A3956D46DE8}") = "bindings", "bindings", "{C92FD07E-5474-3CD3-A395-2BF825C9BD46}"
EndProject
Project("{2150E333-8FDC-42A3-9474-1A3956D46DE8}") = "dispatched", "dispatched", "{10D5B8FA-3D16-3A1F-BE3E-7709E028A017}"
EndProject
Project("{2150E333-8FDC-42A3-9474-1A3956D46DE8}") = "modules", "modules", "{B3A804F9-FBC5-3205-B8CC-A48D74E1B316}"
EndProject
Project("{8BC9CEB8-8B4A-11D0-8D11-00A0C91BC942}") = "ALL_BUILD", "ALL_BUILD.vcxproj", "{95EF3B04-0BB5-339F-87F4-C7EE230FBCDD}"
	ProjectSection(ProjectDependencies) = postProject
		{B931BE45-D37C-3530-8F99-8400CC6E45F7} = {B931BE45-D37C-3530-8F99-8400CC6E45F7}
		{E49B0DCB-C4C3-3054-B02B-509DD9F87017} = {E49B0DCB-C4C3-3054-B02B-509DD9F87017}
	EndProjectSection
EndProject
Project("{8BC9CEB8-8B4A-11D0-8D11-00A0C91BC942}") = "INSTALL", "INSTALL.vcxproj", "{FD94375D-5F0C-37AA-B40F-A1A5906888A0}"
	ProjectSection(ProjectDependencies) = postProject
		{95EF3B04-0BB5-339F-87F4-C7EE230FBCDD} = {95EF3B04-0BB5-339F-87F4-C7EE230FBCDD}
		{B931BE45-D37C-3530-8F99-8400CC6E45F7} = {B931BE45-D37C-3530-8F99-8400CC6E45F7}
	EndProjectSection
EndProject
Project("{8BC9CEB8-8B4A-11D0-8D11-00A0C91BC942}") = "IlmImf", "..\..\3rdparty\openexr\IlmImf.vcxproj", "{02BCF258-E027-3320-8653-CFABE276FF0D}"
	ProjectSection(ProjectDependencies) = postProject
		{B931BE45-D37C-3530-8F99-8400CC6E45F7} = {B931BE45-D37C-3530-8F99-8400CC6E45F7}
		{5AEFBBC9-D564-32FB-8005-3899F4202677} = {5AEFBBC9-D564-32FB-8005-3899F4202677}
	EndProjectSection
EndProject
Project("{8BC9CEB8-8B4A-11D0-8D11-00A0C91BC942}") = "PACKAGE", "PACKAGE.vcxproj", "{70411D32-1C62-3657-93BE-A20DFFBAA026}"
	ProjectSection(ProjectDependencies) = postProject
		{95EF3B04-0BB5-339F-87F4-C7EE230FBCDD} = {95EF3B04-0BB5-339F-87F4-C7EE230FBCDD}
		{B931BE45-D37C-3530-8F99-8400CC6E45F7} = {B931BE45-D37C-3530-8F99-8400CC6E45F7}
	EndProjectSection
EndProject
Project("{8BC9CEB8-8B4A-11D0-8D11-00A0C91BC942}") = "RUN_TESTS", "RUN_TESTS.vcxproj", "{3E356655-BD86-33A3-8981-F6B141ACBC9C}"
	ProjectSection(ProjectDependencies) = postProject
		{B931BE45-D37C-3530-8F99-8400CC6E45F7} = {B931BE45-D37C-3530-8F99-8400CC6E45F7}
	EndProjectSection
EndProject
Project("{8BC9CEB8-8B4A-11D0-8D11-00A0C91BC942}") = "ZERO_CHECK", "..\..\\ZERO_CHECK.vcxproj", "{B931BE45-D37C-3530-8F99-8400CC6E45F7}"
	ProjectSection(ProjectDependencies) = postProject
	EndProjectSection
EndProject
Project("{8BC9CEB8-8B4A-11D0-8D11-00A0C91BC942}") = "gen_opencv_python_source", "..\python_bindings_generator\gen_opencv_python_source.vcxproj", "{A3F0E8AC-75FB-32F4-9ABC-283C93E84106}"
	ProjectSection(ProjectDependencies) = postProject
		{B931BE45-D37C-3530-8F99-8400CC6E45F7} = {B931BE45-D37C-3530-8F99-8400CC6E45F7}
	EndProjectSection
EndProject
Project("{8BC9CEB8-8B4A-11D0-8D11-00A0C91BC942}") = "ippiw", "..\..\3rdparty\ippiw\ippiw.vcxproj", "{183A9578-E79F-321F-8295-DF9363C61D3D}"
	ProjectSection(ProjectDependencies) = postProject
		{B931BE45-D37C-3530-8F99-8400CC6E45F7} = {B931BE45-D37C-3530-8F99-8400CC6E45F7}
	EndProjectSection
EndProject
Project("{8BC9CEB8-8B4A-11D0-8D11-00A0C91BC942}") = "ittnotify", "..\..\3rdparty\ittnotify\ittnotify.vcxproj", "{3D5D2E0A-D22E-37F6-94E6-3B5C130FA67C}"
	ProjectSection(ProjectDependencies) = postProject
		{B931BE45-D37C-3530-8F99-8400CC6E45F7} = {B931BE45-D37C-3530-8F99-8400CC6E45F7}
	EndProjectSection
EndProject
Project("{8BC9CEB8-8B4A-11D0-8D11-00A0C91BC942}") = "libjasper", "..\..\3rdparty\libjasper\libjasper.vcxproj", "{FD94F9FE-D90B-31D7-B200-71ECFBA0EB2E}"
	ProjectSection(ProjectDependencies) = postProject
		{B931BE45-D37C-3530-8F99-8400CC6E45F7} = {B931BE45-D37C-3530-8F99-8400CC6E45F7}
	EndProjectSection
EndProject
Project("{8BC9CEB8-8B4A-11D0-8D11-00A0C91BC942}") = "libjpeg", "..\..\3rdparty\libjpeg\libjpeg.vcxproj", "{F78CE7FE-51D3-3C6C-BC52-5AA737DEA00F}"
	ProjectSection(ProjectDependencies) = postProject
		{B931BE45-D37C-3530-8F99-8400CC6E45F7} = {B931BE45-D37C-3530-8F99-8400CC6E45F7}
	EndProjectSection
EndProject
Project("{8BC9CEB8-8B4A-11D0-8D11-00A0C91BC942}") = "libpng", "..\..\3rdparty\libpng\libpng.vcxproj", "{1520D62E-06E6-37DC-B269-9D96C6289B46}"
	ProjectSection(ProjectDependencies) = postProject
		{B931BE45-D37C-3530-8F99-8400CC6E45F7} = {B931BE45-D37C-3530-8F99-8400CC6E45F7}
		{5AEFBBC9-D564-32FB-8005-3899F4202677} = {5AEFBBC9-D564-32FB-8005-3899F4202677}
	EndProjectSection
EndProject
Project("{8BC9CEB8-8B4A-11D0-8D11-00A0C91BC942}") = "libprotobuf", "..\..\3rdparty\protobuf\libprotobuf.vcxproj", "{1684BABC-945D-37E4-8300-24ECBDDC9A65}"
	ProjectSection(ProjectDependencies) = postProject
		{B931BE45-D37C-3530-8F99-8400CC6E45F7} = {B931BE45-D37C-3530-8F99-8400CC6E45F7}
	EndProjectSection
EndProject
Project("{8BC9CEB8-8B4A-11D0-8D11-00A0C91BC942}") = "libtiff", "..\..\3rdparty\libtiff\libtiff.vcxproj", "{F99E9C3D-B295-3DD8-9E5D-0BFC537759B9}"
	ProjectSection(ProjectDependencies) = postProject
		{B931BE45-D37C-3530-8F99-8400CC6E45F7} = {B931BE45-D37C-3530-8F99-8400CC6E45F7}
		{5AEFBBC9-D564-32FB-8005-3899F4202677} = {5AEFBBC9-D564-32FB-8005-3899F4202677}
	EndProjectSection
EndProject
Project("{8BC9CEB8-8B4A-11D0-8D11-00A0C91BC942}") = "libwebp", "..\..\3rdparty\libwebp\libwebp.vcxproj", "{1079F874-3491-304A-BD75-23C0E7FBE1F4}"
	ProjectSection(ProjectDependencies) = postProject
		{B931BE45-D37C-3530-8F99-8400CC6E45F7} = {B931BE45-D37C-3530-8F99-8400CC6E45F7}
	EndProjectSection
EndProject
Project("{8BC9CEB8-8B4A-11D0-8D11-00A0C91BC942}") = "opencv_python3", "opencv_python3.vcxproj", "{E49B0DCB-C4C3-3054-B02B-509DD9F87017}"
	ProjectSection(ProjectDependencies) = postProject
		{B931BE45-D37C-3530-8F99-8400CC6E45F7} = {B931BE45-D37C-3530-8F99-8400CC6E45F7}
		{A3F0E8AC-75FB-32F4-9ABC-283C93E84106} = {A3F0E8AC-75FB-32F4-9ABC-283C93E84106}
		{25A49DF7-CF88-36E0-925D-DDDEF8FFC76D} = {25A49DF7-CF88-36E0-925D-DDDEF8FFC76D}
	EndProjectSection
EndProject
Project("{8BC9CEB8-8B4A-11D0-8D11-00A0C91BC942}") = "opencv_world", "..\world\opencv_world.vcxproj", "{25A49DF7-CF88-36E0-925D-DDDEF8FFC76D}"
	ProjectSection(ProjectDependencies) = postProject
		{02BCF258-E027-3320-8653-CFABE276FF0D} = {02BCF258-E027-3320-8653-CFABE276FF0D}
		{B931BE45-D37C-3530-8F99-8400CC6E45F7} = {B931BE45-D37C-3530-8F99-8400CC6E45F7}
		{183A9578-E79F-321F-8295-DF9363C61D3D} = {183A9578-E79F-321F-8295-DF9363C61D3D}
		{3D5D2E0A-D22E-37F6-94E6-3B5C130FA67C} = {3D5D2E0A-D22E-37F6-94E6-3B5C130FA67C}
		{FD94F9FE-D90B-31D7-B200-71ECFBA0EB2E} = {FD94F9FE-D90B-31D7-B200-71ECFBA0EB2E}
		{F78CE7FE-51D3-3C6C-BC52-5AA737DEA00F} = {F78CE7FE-51D3-3C6C-BC52-5AA737DEA00F}
		{1520D62E-06E6-37DC-B269-9D96C6289B46} = {1520D62E-06E6-37DC-B269-9D96C6289B46}
		{1684BABC-945D-37E4-8300-24ECBDDC9A65} = {1684BABC-945D-37E4-8300-24ECBDDC9A65}
		{F99E9C3D-B295-3DD8-9E5D-0BFC537759B9} = {F99E9C3D-B295-3DD8-9E5D-0BFC537759B9}
		{1079F874-3491-304A-BD75-23C0E7FBE1F4} = {1079F874-3491-304A-BD75-23C0E7FBE1F4}
		{1278C027-FC61-3E94-B75F-EE7042D093F8} = {1278C027-FC61-3E94-B75F-EE7042D093F8}
		{1FB09CD2-0F33-3ED9-8F39-AC10DC15B052} = {1FB09CD2-0F33-3ED9-8F39-AC10DC15B052}
		{B67ABBD6-31E8-365F-8D43-9F37494EB0D0} = {B67ABBD6-31E8-365F-8D43-9F37494EB0D0}
		{5DC23801-AC6D-3B07-A8FC-D84ABDB3FA52} = {5DC23801-AC6D-3B07-A8FC-D84ABDB3FA52}
		{107AF265-3CFE-3FC5-8DDF-7FFB9645C835} = {107AF265-3CFE-3FC5-8DDF-7FFB9645C835}
		{5AEFBBC9-D564-32FB-8005-3899F4202677} = {5AEFBBC9-D564-32FB-8005-3899F4202677}
	EndProjectSection
EndProject
Project("{8BC9CEB8-8B4A-11D0-8D11-00A0C91BC942}") = "opencv_world_AVX", "..\world\opencv_world_AVX.vcxproj", "{1278C027-FC61-3E94-B75F-EE7042D093F8}"
	ProjectSection(ProjectDependencies) = postProject
		{B931BE45-D37C-3530-8F99-8400CC6E45F7} = {B931BE45-D37C-3530-8F99-8400CC6E45F7}
	EndProjectSection
EndProject
Project("{8BC9CEB8-8B4A-11D0-8D11-00A0C91BC942}") = "opencv_world_AVX2", "..\world\opencv_world_AVX2.vcxproj", "{1FB09CD2-0F33-3ED9-8F39-AC10DC15B052}"
	ProjectSection(ProjectDependencies) = postProject
		{B931BE45-D37C-3530-8F99-8400CC6E45F7} = {B931BE45-D37C-3530-8F99-8400CC6E45F7}
	EndProjectSection
EndProject
Project("{8BC9CEB8-8B4A-11D0-8D11-00A0C91BC942}") = "opencv_world_FP16", "..\world\opencv_world_FP16.vcxproj", "{B67ABBD6-31E8-365F-8D43-9F37494EB0D0}"
	ProjectSection(ProjectDependencies) = postProject
		{B931BE45-D37C-3530-8F99-8400CC6E45F7} = {B931BE45-D37C-3530-8F99-8400CC6E45F7}
	EndProjectSection
EndProject
Project("{8BC9CEB8-8B4A-11D0-8D11-00A0C91BC942}") = "opencv_world_SSE4_1", "..\world\opencv_world_SSE4_1.vcxproj", "{5DC23801-AC6D-3B07-A8FC-D84ABDB3FA52}"
	ProjectSection(ProjectDependencies) = postProject
		{B931BE45-D37C-3530-8F99-8400CC6E45F7} = {B931BE45-D37C-3530-8F99-8400CC6E45F7}
	EndProjectSection
EndProject
Project("{8BC9CEB8-8B4A-11D0-8D11-00A0C91BC942}") = "opencv_world_SSE4_2", "..\world\opencv_world_SSE4_2.vcxproj", "{107AF265-3CFE-3FC5-8DDF-7FFB9645C835}"
	ProjectSection(ProjectDependencies) = postProject
		{B931BE45-D37C-3530-8F99-8400CC6E45F7} = {B931BE45-D37C-3530-8F99-8400CC6E45F7}
	EndProjectSection
EndProject
Project("{8BC9CEB8-8B4A-11D0-8D11-00A0C91BC942}") = "zlib", "..\..\3rdparty\zlib\zlib.vcxproj", "{5AEFBBC9-D564-32FB-8005-3899F4202677}"
	ProjectSection(ProjectDependencies) = postProject
		{B931BE45-D37C-3530-8F99-8400CC6E45F7} = {B931BE45-D37C-3530-8F99-8400CC6E45F7}
	EndProjectSection
EndProject
Global
	GlobalSection(SolutionConfigurationPlatforms) = preSolution
		Debug|x64 = Debug|x64
		Release|x64 = Release|x64
	EndGlobalSection
	GlobalSection(ProjectConfigurationPlatforms) = postSolution
		{95EF3B04-0BB5-339F-87F4-C7EE230FBCDD}.Debug|x64.ActiveCfg = Debug|x64
		{95EF3B04-0BB5-339F-87F4-C7EE230FBCDD}.Debug|x64.Build.0 = Debug|x64
		{95EF3B04-0BB5-339F-87F4-C7EE230FBCDD}.Release|x64.ActiveCfg = Release|x64
		{95EF3B04-0BB5-339F-87F4-C7EE230FBCDD}.Release|x64.Build.0 = Release|x64
		{FD94375D-5F0C-37AA-B40F-A1A5906888A0}.Debug|x64.ActiveCfg = Debug|x64
		{FD94375D-5F0C-37AA-B40F-A1A5906888A0}.Release|x64.ActiveCfg = Release|x64
		{02BCF258-E027-3320-8653-CFABE276FF0D}.Debug|x64.ActiveCfg = Debug|x64
		{02BCF258-E027-3320-8653-CFABE276FF0D}.Debug|x64.Build.0 = Debug|x64
		{02BCF258-E027-3320-8653-CFABE276FF0D}.Release|x64.ActiveCfg = Release|x64
		{02BCF258-E027-3320-8653-CFABE276FF0D}.Release|x64.Build.0 = Release|x64
		{70411D32-1C62-3657-93BE-A20DFFBAA026}.Debug|x64.ActiveCfg = Debug|x64
		{70411D32-1C62-3657-93BE-A20DFFBAA026}.Release|x64.ActiveCfg = Release|x64
		{3E356655-BD86-33A3-8981-F6B141ACBC9C}.Debug|x64.ActiveCfg = Debug|x64
		{3E356655-BD86-33A3-8981-F6B141ACBC9C}.Release|x64.ActiveCfg = Release|x64
		{B931BE45-D37C-3530-8F99-8400CC6E45F7}.Debug|x64.ActiveCfg = Debug|x64
		{B931BE45-D37C-3530-8F99-8400CC6E45F7}.Debug|x64.Build.0 = Debug|x64
		{B931BE45-D37C-3530-8F99-8400CC6E45F7}.Release|x64.ActiveCfg = Release|x64
		{B931BE45-D37C-3530-8F99-8400CC6E45F7}.Release|x64.Build.0 = Release|x64
		{A3F0E8AC-75FB-32F4-9ABC-283C93E84106}.Debug|x64.ActiveCfg = Debug|x64
		{A3F0E8AC-75FB-32F4-9ABC-283C93E84106}.Debug|x64.Build.0 = Debug|x64
		{A3F0E8AC-75FB-32F4-9ABC-283C93E84106}.Release|x64.ActiveCfg = Release|x64
		{A3F0E8AC-75FB-32F4-9ABC-283C93E84106}.Release|x64.Build.0 = Release|x64
		{183A9578-E79F-321F-8295-DF9363C61D3D}.Debug|x64.ActiveCfg = Debug|x64
		{183A9578-E79F-321F-8295-DF9363C61D3D}.Debug|x64.Build.0 = Debug|x64
		{183A9578-E79F-321F-8295-DF9363C61D3D}.Release|x64.ActiveCfg = Release|x64
		{183A9578-E79F-321F-8295-DF9363C61D3D}.Release|x64.Build.0 = Release|x64
		{3D5D2E0A-D22E-37F6-94E6-3B5C130FA67C}.Debug|x64.ActiveCfg = Debug|x64
		{3D5D2E0A-D22E-37F6-94E6-3B5C130FA67C}.Debug|x64.Build.0 = Debug|x64
		{3D5D2E0A-D22E-37F6-94E6-3B5C130FA67C}.Release|x64.ActiveCfg = Release|x64
		{3D5D2E0A-D22E-37F6-94E6-3B5C130FA67C}.Release|x64.Build.0 = Release|x64
		{FD94F9FE-D90B-31D7-B200-71ECFBA0EB2E}.Debug|x64.ActiveCfg = Debug|x64
		{FD94F9FE-D90B-31D7-B200-71ECFBA0EB2E}.Debug|x64.Build.0 = Debug|x64
		{FD94F9FE-D90B-31D7-B200-71ECFBA0EB2E}.Release|x64.ActiveCfg = Release|x64
		{FD94F9FE-D90B-31D7-B200-71ECFBA0EB2E}.Release|x64.Build.0 = Release|x64
		{F78CE7FE-51D3-3C6C-BC52-5AA737DEA00F}.Debug|x64.ActiveCfg = Debug|x64
		{F78CE7FE-51D3-3C6C-BC52-5AA737DEA00F}.Debug|x64.Build.0 = Debug|x64
		{F78CE7FE-51D3-3C6C-BC52-5AA737DEA00F}.Release|x64.ActiveCfg = Release|x64
		{F78CE7FE-51D3-3C6C-BC52-5AA737DEA00F}.Release|x64.Build.0 = Release|x64
		{1520D62E-06E6-37DC-B269-9D96C6289B46}.Debug|x64.ActiveCfg = Debug|x64
		{1520D62E-06E6-37DC-B269-9D96C6289B46}.Debug|x64.Build.0 = Debug|x64
		{1520D62E-06E6-37DC-B269-9D96C6289B46}.Release|x64.ActiveCfg = Release|x64
		{1520D62E-06E6-37DC-B269-9D96C6289B46}.Release|x64.Build.0 = Release|x64
		{1684BABC-945D-37E4-8300-24ECBDDC9A65}.Debug|x64.ActiveCfg = Debug|x64
		{1684BABC-945D-37E4-8300-24ECBDDC9A65}.Debug|x64.Build.0 = Debug|x64
		{1684BABC-945D-37E4-8300-24ECBDDC9A65}.Release|x64.ActiveCfg = Release|x64
		{1684BABC-945D-37E4-8300-24ECBDDC9A65}.Release|x64.Build.0 = Release|x64
		{F99E9C3D-B295-3DD8-9E5D-0BFC537759B9}.Debug|x64.ActiveCfg = Debug|x64
		{F99E9C3D-B295-3DD8-9E5D-0BFC537759B9}.Debug|x64.Build.0 = Debug|x64
		{F99E9C3D-B295-3DD8-9E5D-0BFC537759B9}.Release|x64.ActiveCfg = Release|x64
		{F99E9C3D-B295-3DD8-9E5D-0BFC537759B9}.Release|x64.Build.0 = Release|x64
		{1079F874-3491-304A-BD75-23C0E7FBE1F4}.Debug|x64.ActiveCfg = Debug|x64
		{1079F874-3491-304A-BD75-23C0E7FBE1F4}.Debug|x64.Build.0 = Debug|x64
		{1079F874-3491-304A-BD75-23C0E7FBE1F4}.Release|x64.ActiveCfg = Release|x64
		{1079F874-3491-304A-BD75-23C0E7FBE1F4}.Release|x64.Build.0 = Release|x64
		{E49B0DCB-C4C3-3054-B02B-509DD9F87017}.Debug|x64.ActiveCfg = Debug|x64
		{E49B0DCB-C4C3-3054-B02B-509DD9F87017}.Debug|x64.Build.0 = Debug|x64
		{E49B0DCB-C4C3-3054-B02B-509DD9F87017}.Release|x64.ActiveCfg = Release|x64
		{E49B0DCB-C4C3-3054-B02B-509DD9F87017}.Release|x64.Build.0 = Release|x64
		{25A49DF7-CF88-36E0-925D-DDDEF8FFC76D}.Debug|x64.ActiveCfg = Debug|x64
		{25A49DF7-CF88-36E0-925D-DDDEF8FFC76D}.Debug|x64.Build.0 = Debug|x64
		{25A49DF7-CF88-36E0-925D-DDDEF8FFC76D}.Release|x64.ActiveCfg = Release|x64
		{25A49DF7-CF88-36E0-925D-DDDEF8FFC76D}.Release|x64.Build.0 = Release|x64
		{1278C027-FC61-3E94-B75F-EE7042D093F8}.Debug|x64.ActiveCfg = Debug|x64
		{1278C027-FC61-3E94-B75F-EE7042D093F8}.Debug|x64.Build.0 = Debug|x64
		{1278C027-FC61-3E94-B75F-EE7042D093F8}.Release|x64.ActiveCfg = Release|x64
		{1278C027-FC61-3E94-B75F-EE7042D093F8}.Release|x64.Build.0 = Release|x64
		{1FB09CD2-0F33-3ED9-8F39-AC10DC15B052}.Debug|x64.ActiveCfg = Debug|x64
		{1FB09CD2-0F33-3ED9-8F39-AC10DC15B052}.Debug|x64.Build.0 = Debug|x64
		{1FB09CD2-0F33-3ED9-8F39-AC10DC15B052}.Release|x64.ActiveCfg = Release|x64
		{1FB09CD2-0F33-3ED9-8F39-AC10DC15B052}.Release|x64.Build.0 = Release|x64
		{B67ABBD6-31E8-365F-8D43-9F37494EB0D0}.Debug|x64.ActiveCfg = Debug|x64
		{B67ABBD6-31E8-365F-8D43-9F37494EB0D0}.Debug|x64.Build.0 = Debug|x64
		{B67ABBD6-31E8-365F-8D43-9F37494EB0D0}.Release|x64.ActiveCfg = Release|x64
		{B67ABBD6-31E8-365F-8D43-9F37494EB0D0}.Release|x64.Build.0 = Release|x64
		{5DC23801-AC6D-3B07-A8FC-D84ABDB3FA52}.Debug|x64.ActiveCfg = Debug|x64
		{5DC23801-AC6D-3B07-A8FC-D84ABDB3FA52}.Debug|x64.Build.0 = Debug|x64
		{5DC23801-AC6D-3B07-A8FC-D84ABDB3FA52}.Release|x64.ActiveCfg = Release|x64
		{5DC23801-AC6D-3B07-A8FC-D84ABDB3FA52}.Release|x64.Build.0 = Release|x64
		{107AF265-3CFE-3FC5-8DDF-7FFB9645C835}.Debug|x64.ActiveCfg = Debug|x64
		{107AF265-3CFE-3FC5-8DDF-7FFB9645C835}.Debug|x64.Build.0 = Debug|x64
		{107AF265-3CFE-3FC5-8DDF-7FFB9645C835}.Release|x64.ActiveCfg = Release|x64
		{107AF265-3CFE-3FC5-8DDF-7FFB9645C835}.Release|x64.Build.0 = Release|x64
		{5AEFBBC9-D564-32FB-8005-3899F4202677}.Debug|x64.ActiveCfg = Debug|x64
		{5AEFBBC9-D564-32FB-8005-3899F4202677}.Debug|x64.Build.0 = Debug|x64
		{5AEFBBC9-D564-32FB-8005-3899F4202677}.Release|x64.ActiveCfg = Release|x64
		{5AEFBBC9-D564-32FB-8005-3899F4202677}.Release|x64.Build.0 = Release|x64
	EndGlobalSection
	GlobalSection(NestedProjects) = preSolution
		{02BCF258-E027-3320-8653-CFABE276FF0D} = {0103DD95-6243-3050-98EE-58C1B1E8F717}
		{183A9578-E79F-321F-8295-DF9363C61D3D} = {0103DD95-6243-3050-98EE-58C1B1E8F717}
		{3D5D2E0A-D22E-37F6-94E6-3B5C130FA67C} = {0103DD95-6243-3050-98EE-58C1B1E8F717}
		{FD94F9FE-D90B-31D7-B200-71ECFBA0EB2E} = {0103DD95-6243-3050-98EE-58C1B1E8F717}
		{F78CE7FE-51D3-3C6C-BC52-5AA737DEA00F} = {0103DD95-6243-3050-98EE-58C1B1E8F717}
		{1520D62E-06E6-37DC-B269-9D96C6289B46} = {0103DD95-6243-3050-98EE-58C1B1E8F717}
		{1684BABC-945D-37E4-8300-24ECBDDC9A65} = {0103DD95-6243-3050-98EE-58C1B1E8F717}
		{F99E9C3D-B295-3DD8-9E5D-0BFC537759B9} = {0103DD95-6243-3050-98EE-58C1B1E8F717}
		{1079F874-3491-304A-BD75-23C0E7FBE1F4} = {0103DD95-6243-3050-98EE-58C1B1E8F717}
		{5AEFBBC9-D564-32FB-8005-3899F4202677} = {0103DD95-6243-3050-98EE-58C1B1E8F717}
		{95EF3B04-0BB5-339F-87F4-C7EE230FBCDD} = {DDCF8B3A-0145-3B9F-ACFA-009D4C620E76}
		{FD94375D-5F0C-37AA-B40F-A1A5906888A0} = {DDCF8B3A-0145-3B9F-ACFA-009D4C620E76}
		{70411D32-1C62-3657-93BE-A20DFFBAA026} = {DDCF8B3A-0145-3B9F-ACFA-009D4C620E76}
		{3E356655-BD86-33A3-8981-F6B141ACBC9C} = {DDCF8B3A-0145-3B9F-ACFA-009D4C620E76}
		{B931BE45-D37C-3530-8F99-8400CC6E45F7} = {DDCF8B3A-0145-3B9F-ACFA-009D4C620E76}
		{E49B0DCB-C4C3-3054-B02B-509DD9F87017} = {C92FD07E-5474-3CD3-A395-2BF825C9BD46}
		{1278C027-FC61-3E94-B75F-EE7042D093F8} = {10D5B8FA-3D16-3A1F-BE3E-7709E028A017}
		{1FB09CD2-0F33-3ED9-8F39-AC10DC15B052} = {10D5B8FA-3D16-3A1F-BE3E-7709E028A017}
		{B67ABBD6-31E8-365F-8D43-9F37494EB0D0} = {10D5B8FA-3D16-3A1F-BE3E-7709E028A017}
		{5DC23801-AC6D-3B07-A8FC-D84ABDB3FA52} = {10D5B8FA-3D16-3A1F-BE3E-7709E028A017}
		{107AF265-3CFE-3FC5-8DDF-7FFB9645C835} = {10D5B8FA-3D16-3A1F-BE3E-7709E028A017}
		{25A49DF7-CF88-36E0-925D-DDDEF8FFC76D} = {B3A804F9-FBC5-3205-B8CC-A48D74E1B316}
	EndGlobalSection
	GlobalSection(ExtensibilityGlobals) = postSolution
		SolutionGuid = {F8B9241D-9D70-3EA2-B6B8-C904DE90A06F}
	EndGlobalSection
	GlobalSection(ExtensibilityAddIns) = postSolution
	EndGlobalSection
EndGlobal
